
Microsoft Visual Studio Solution File, Format Version 12.00
# Visual Studio 14
VisualStudioVersion = 14.0.23107.0
MinimumVisualStudioVersion = 10.0.40219.1
Project("{8BC9CEB8-8B4A-11D0-8D11-00A0C91BC942}") = "TriangulationCDT.v14", "TriangulationCDT.v14.vcxproj", "{748DB0ED-5857-4F2F-8927-5464477D238B}"
EndProject
Project("{2150E333-8FDC-42A3-9474-1A3956D46DE8}") = "Required", "Required", "{9DF63748-6B99-46A4-AB4F-0723CF7EE8CE}"
EndProject
Project("{8BC9CEB8-8B4A-11D0-8D11-00A0C91BC942}") = "GTEngine.v14", "..\..\..\GTEngine.v14.vcxproj", "{43A54DE9-1F9B-4BC6-A7BC-C3FD13B2C829}"
EndProject
Global
	GlobalSection(SolutionConfigurationPlatforms) = preSolution
		Debug|Win32 = Debug|Win32
		Debug|x64 = Debug|x64
		Release|Win32 = Release|Win32
		Release|x64 = Release|x64
	EndGlobalSection
	GlobalSection(ProjectConfigurationPlatforms) = postSolution
		{748DB0ED-5857-4F2F-8927-5464477D238B}.Debug|Win32.ActiveCfg = Debug|Win32
		{748DB0ED-5857-4F2F-8927-5464477D238B}.Debug|Win32.Build.0 = Debug|Win32
		{748DB0ED-5857-4F2F-8927-5464477D238B}.Debug|x64.ActiveCfg = Debug|x64
		{748DB0ED-5857-4F2F-8927-5464477D238B}.Debug|x64.Build.0 = Debug|x64
		{748DB0ED-5857-4F2F-8927-5464477D238B}.Release|Win32.ActiveCfg = Release|Win32
		{748DB0ED-5857-4F2F-8927-5464477D238B}.Release|Win32.Build.0 = Release|Win32
		{748DB0ED-5857-4F2F-8927-5464477D238B}.Release|x64.ActiveCfg = Release|x64
		{748DB0ED-5857-4F2F-8927-5464477D238B}.Release|x64.Build.0 = Release|x64
		{43A54DE9-1F9B-4BC6-A7BC-C3FD13B2C829}.Debug|Win32.ActiveCfg = Debug|Win32
		{43A54DE9-1F9B-4BC6-A7BC-C3FD13B2C829}.Debug|Win32.Build.0 = Debug|Win32
		{43A54DE9-1F9B-4BC6-A7BC-C3FD13B2C829}.Debug|x64.ActiveCfg = Debug|x64
		{43A54DE9-1F9B-4BC6-A7BC-C3FD13B2C829}.Debug|x64.Build.0 = Debug|x64
		{43A54DE9-1F9B-4BC6-A7BC-C3FD13B2C829}.Release|Win32.ActiveCfg = Release|Win32
		{43A54DE9-1F9B-4BC6-A7BC-C3FD13B2C829}.Release|Win32.Build.0 = Release|Win32
		{43A54DE9-1F9B-4BC6-A7BC-C3FD13B2C829}.Release|x64.ActiveCfg = Release|x64
		{43A54DE9-1F9B-4BC6-A7BC-C3FD13B2C829}.Release|x64.Build.0 = Release|x64
	EndGlobalSection
	GlobalSection(SolutionProperties) = preSolution
		HideSolutionNode = FALSE
	EndGlobalSection
	GlobalSection(NestedProjects) = preSolution
		{43A54DE9-1F9B-4BC6-A7BC-C3FD13B2C829} = {9DF63748-6B99-46A4-AB4F-0723CF7EE8CE}
	EndGlobalSection
EndGlobal

