
Microsoft Visual Studio Solution File, Format Version 12.00
# Visual Studio 2013
VisualStudioVersion = 12.0.30501.0
MinimumVisualStudioVersion = 10.0.40219.1
Project("{8BC9CEB8-8B4A-11D0-8D11-00A0C91BC942}") = "MinimumAreaBox2D.v12", "MinimumAreaBox2D.v12.vcxproj", "{9CFEDB64-71EC-44F0-9521-41A7F7ABFAE9}"
EndProject
Project("{2150E333-8FDC-42A3-9474-1A3956D46DE8}") = "Required", "Required", "{F6E92316-9CD1-46E0-B35F-BEC114B43242}"
EndProject
Project("{8BC9CEB8-8B4A-11D0-8D11-00A0C91BC942}") = "GTEngine.v12", "..\..\..\GTEngine.v12.vcxproj", "{702CEC70-EE3E-43A0-8D93-48B58FA50D3C}"
EndProject
Global
	GlobalSection(SolutionConfigurationPlatforms) = preSolution
		Debug|Win32 = Debug|Win32
		Debug|x64 = Debug|x64
		Release|Win32 = Release|Win32
		Release|x64 = Release|x64
	EndGlobalSection
	GlobalSection(ProjectConfigurationPlatforms) = postSolution
		{9CFEDB64-71EC-44F0-9521-41A7F7ABFAE9}.Debug|Win32.ActiveCfg = Debug|Win32
		{9CFEDB64-71EC-44F0-9521-41A7F7ABFAE9}.Debug|Win32.Build.0 = Debug|Win32
		{9CFEDB64-71EC-44F0-9521-41A7F7ABFAE9}.Debug|x64.ActiveCfg = Debug|x64
		{9CFEDB64-71EC-44F0-9521-41A7F7ABFAE9}.Debug|x64.Build.0 = Debug|x64
		{9CFEDB64-71EC-44F0-9521-41A7F7ABFAE9}.Release|Win32.ActiveCfg = Release|Win32
		{9CFEDB64-71EC-44F0-9521-41A7F7ABFAE9}.Release|Win32.Build.0 = Release|Win32
		{9CFEDB64-71EC-44F0-9521-41A7F7ABFAE9}.Release|x64.ActiveCfg = Release|x64
		{9CFEDB64-71EC-44F0-9521-41A7F7ABFAE9}.Release|x64.Build.0 = Release|x64
		{702CEC70-EE3E-43A0-8D93-48B58FA50D3C}.Debug|Win32.ActiveCfg = Debug|Win32
		{702CEC70-EE3E-43A0-8D93-48B58FA50D3C}.Debug|Win32.Build.0 = Debug|Win32
		{702CEC70-EE3E-43A0-8D93-48B58FA50D3C}.Debug|x64.ActiveCfg = Debug|x64
		{702CEC70-EE3E-43A0-8D93-48B58FA50D3C}.Debug|x64.Build.0 = Debug|x64
		{702CEC70-EE3E-43A0-8D93-48B58FA50D3C}.Release|Win32.ActiveCfg = Release|Win32
		{702CEC70-EE3E-43A0-8D93-48B58FA50D3C}.Release|Win32.Build.0 = Release|Win32
		{702CEC70-EE3E-43A0-8D93-48B58FA50D3C}.Release|x64.ActiveCfg = Release|x64
		{702CEC70-EE3E-43A0-8D93-48B58FA50D3C}.Release|x64.Build.0 = Release|x64
	EndGlobalSection
	GlobalSection(SolutionProperties) = preSolution
		HideSolutionNode = FALSE
	EndGlobalSection
	GlobalSection(NestedProjects) = preSolution
		{702CEC70-EE3E-43A0-8D93-48B58FA50D3C} = {F6E92316-9CD1-46E0-B35F-BEC114B43242}
	EndGlobalSection
EndGlobal
