
Microsoft Visual Studio Solution File, Format Version 12.00
# Visual Studio 2013
VisualStudioVersion = 12.0.40629.0
MinimumVisualStudioVersion = 10.0.40219.1
Project("{2150E333-8FDC-42A3-9474-1A3956D46DE8}") = "Engine", "Engine", "{A6BE90E3-0254-4900-88AE-F62958AB3A2A}"
EndProject
Project("{2150E333-8FDC-42A3-9474-1A3956D46DE8}") = "Samples", "Samples", "{2B0647AD-A754-4465-8D18-C7A964811ADE}"
EndProject
Project("{2150E333-8FDC-42A3-9474-1A3956D46DE8}") = "Tools", "Tools", "{965FD44D-A0A1-410A-BF78-6DF03722020C}"
EndProject
Project("{2150E333-8FDC-42A3-9474-1A3956D46DE8}") = "Basics", "Basics", "{F0E09422-B645-4506-A9D2-5B863BAA9A2E}"
EndProject
Project("{2150E333-8FDC-42A3-9474-1A3956D46DE8}") = "Geometrics", "Geometrics", "{E64EFC40-7CDA-438F-82E8-275155099E4E}"
EndProject
Project("{2150E333-8FDC-42A3-9474-1A3956D46DE8}") = "Graphics", "Graphics", "{8606F5CF-1BF6-4251-A857-0A041780C8E3}"
EndProject
Project("{2150E333-8FDC-42A3-9474-1A3956D46DE8}") = "Imagics", "Imagics", "{E716B25E-6604-44D0-B7BA-FCCB8D885777}"
EndProject
Project("{2150E333-8FDC-42A3-9474-1A3956D46DE8}") = "Mathematics", "Mathematics", "{45ACB254-41C2-4248-A55C-A7779A3A7DDB}"
EndProject
Project("{2150E333-8FDC-42A3-9474-1A3956D46DE8}") = "Physics", "Physics", "{E92ABDF2-9755-42D4-A4B3-4EE40E1718D9}"
EndProject
Project("{8BC9CEB8-8B4A-11D0-8D11-00A0C91BC942}") = "GTEngine.v12", "GTEngine.v12.vcxproj", "{702CEC70-EE3E-43A0-8D93-48B58FA50D3C}"
EndProject
Project("{8BC9CEB8-8B4A-11D0-8D11-00A0C91BC942}") = "AppendConsumeBuffers.v12", "Samples\Basics\AppendConsumeBuffers\AppendConsumeBuffers.v12.vcxproj", "{85F85DD5-B18E-4D16-A591-D2F017A1F34F}"
EndProject
Project("{8BC9CEB8-8B4A-11D0-8D11-00A0C91BC942}") = "IEEEFloatingPoint.v12", "Samples\Basics\IEEEFloatingPoint\IEEEFloatingPoint.v12.vcxproj", "{2874B9A3-6D50-44AF-B88D-58980C8CCF63}"
EndProject
Project("{8BC9CEB8-8B4A-11D0-8D11-00A0C91BC942}") = "LowLevelD3D11.v12", "Samples\Basics\LowLevelD3D11\LowLevelD3D11.v12.vcxproj", "{2DAF88EB-6D19-4393-88DC-DE598D843FC1}"
EndProject
Project("{8BC9CEB8-8B4A-11D0-8D11-00A0C91BC942}") = "RawBuffers.v12", "Samples\Basics\RawBuffers\RawBuffers.v12.vcxproj", "{C9E51AA9-ED9C-4D9D-882E-870E0DFC0466}"
EndProject
Project("{8BC9CEB8-8B4A-11D0-8D11-00A0C91BC942}") = "ShaderReflection.v12", "Samples\Basics\ShaderReflection\ShaderReflection.v12.vcxproj", "{A37EEEBB-914F-4B89-872B-D581FA0EF7A1}"
EndProject
Project("{8BC9CEB8-8B4A-11D0-8D11-00A0C91BC942}") = "AllPairsTriangles.v12", "Samples\Geometrics\AllPairsTriangles\AllPairsTriangles.v12.vcxproj", "{38A56F7B-BBDF-49C9-B84E-4CC01F36F314}"
EndProject
Project("{8BC9CEB8-8B4A-11D0-8D11-00A0C91BC942}") = "ConstrainedDelaunay2D.v12", "Samples\Geometrics\ConstrainedDelaunay2D\ConstrainedDelaunay2D.v12.vcxproj", "{399DB2C4-6741-4796-ACB2-729C23E0C24D}"
EndProject
Project("{8BC9CEB8-8B4A-11D0-8D11-00A0C91BC942}") = "ConvexHull2D.v12", "Samples\Geometrics\ConvexHull2D\ConvexHull2D.v12.vcxproj", "{B2BB6EEC-CEB0-44CC-A146-065C7AC44978}"
EndProject
Project("{8BC9CEB8-8B4A-11D0-8D11-00A0C91BC942}") = "ConvexHull3D.v12", "Samples\Geometrics\ConvexHull3D\ConvexHull3D.v12.vcxproj", "{24036098-E6CF-44D0-B7AC-06859C5CAC4B}"
EndProject
Project("{8BC9CEB8-8B4A-11D0-8D11-00A0C91BC942}") = "Delaunay2D.v12", "Samples\Geometrics\Delaunay2D\Delaunay2D.v12.vcxproj", "{7165016D-FE06-434F-8999-8676617E3A3F}"
EndProject
Project("{8BC9CEB8-8B4A-11D0-8D11-00A0C91BC942}") = "Delaunay3D.v12", "Samples\Geometrics\Delaunay3D\Delaunay3D.v12.vcxproj", "{87C763D0-8F8E-4F6D-AEBA-4E2AF6C47741}"
EndProject
Project("{8BC9CEB8-8B4A-11D0-8D11-00A0C91BC942}") = "DistanceSegments3.v12", "Samples\Geometrics\DistanceSegments3\DistanceSegments3.v12.vcxproj", "{F11D6DDA-E258-4D83-A6EA-948DA786641B}"
EndProject
Project("{8BC9CEB8-8B4A-11D0-8D11-00A0C91BC942}") = "IntersectBoxCone.v12", "Samples\Geometrics\IntersectBoxCone\IntersectBoxCone.v12.vcxproj", "{7C203B44-8ACD-4C6A-8E13-9DF59BED73B6}"
EndProject
Project("{8BC9CEB8-8B4A-11D0-8D11-00A0C91BC942}") = "MinimumAreaBox2D.v12", "Samples\Geometrics\MinimumAreaBox2D\MinimumAreaBox2D.v12.vcxproj", "{9CFEDB64-71EC-44F0-9521-41A7F7ABFAE9}"
EndProject
Project("{8BC9CEB8-8B4A-11D0-8D11-00A0C91BC942}") = "MinimumAreaCircle2D.v12", "Samples\Geometrics\MinimumAreaCircle2D\MinimumAreaCircle2D.v12.vcxproj", "{024497C6-6335-4B53-9CDB-BF472E40C636}"
EndProject
Project("{8BC9CEB8-8B4A-11D0-8D11-00A0C91BC942}") = "MinimumVolumeBox3D.v12", "Samples\Geometrics\MinimumVolumeBox3D\MinimumVolumeBox3D.v12.vcxproj", "{2CF2A877-65C1-4665-B34A-68BB1CEFABF6}"
EndProject
Project("{8BC9CEB8-8B4A-11D0-8D11-00A0C91BC942}") = "MinimumVolumeSphere3D.v12", "Samples\Geometrics\MinimumVolumeSphere3D\MinimumVolumeSphere3D.v12.vcxproj", "{E90E2D40-E445-474B-A670-B8763666E780}"
EndProject
Project("{8BC9CEB8-8B4A-11D0-8D11-00A0C91BC942}") = "ShortestPath.v12", "Samples\Geometrics\ShortestPath\ShortestPath.v12.vcxproj", "{5FFAC134-DA47-4305-9BC7-795E48B682F9}"
EndProject
Project("{8BC9CEB8-8B4A-11D0-8D11-00A0C91BC942}") = "TriangulationCDT.v12", "Samples\Geometrics\TriangulationCDT\TriangulationCDT.v12.vcxproj", "{9DA82294-E625-417A-BE90-3F3098CAB117}"
EndProject
Project("{8BC9CEB8-8B4A-11D0-8D11-00A0C91BC942}") = "TriangulationEC.v12", "Samples\Geometrics\TriangulationEC\TriangulationEC.v12.vcxproj", "{5D8657A2-700E-4263-B18D-0282F4762526}"
EndProject
Project("{8BC9CEB8-8B4A-11D0-8D11-00A0C91BC942}") = "BlendedTerrain.v12", "Samples\Graphics\BlendedTerrain\BlendedTerrain.v12.vcxproj", "{F85AB09D-B9EF-4CD3-BA6F-62A592E1A939}"
EndProject
Project("{8BC9CEB8-8B4A-11D0-8D11-00A0C91BC942}") = "BlownGlass.v12", "Samples\Graphics\BlownGlass\BlownGlass.v12.vcxproj", "{4810E9AE-A188-435F-9170-56872ED187A4}"
EndProject
Project("{8BC9CEB8-8B4A-11D0-8D11-00A0C91BC942}") = "Lights.v12", "Samples\Graphics\Lights\Lights.v12.vcxproj", "{0CD2507F-1B5A-4258-B341-314DD2601400}"
EndProject
Project("{8BC9CEB8-8B4A-11D0-8D11-00A0C91BC942}") = "Picking.v12", "Samples\Graphics\Picking\Picking.v12.vcxproj", "{F9ED6B8C-1153-4EC7-92BC-5E4F696580EE}"
EndProject
Project("{8BC9CEB8-8B4A-11D0-8D11-00A0C91BC942}") = "PlaneMeshIntersection.v12", "Samples\Graphics\PlaneMeshIntersection\PlaneMeshIntersection.v12.vcxproj", "{A012AB52-6E7E-4F41-A96D-4DA1BD0CE2E8}"
EndProject
Project("{8BC9CEB8-8B4A-11D0-8D11-00A0C91BC942}") = "WireMesh.v12", "Samples\Graphics\WireMesh\WireMesh.v12.vcxproj", "{ABD0A2AA-E69B-406E-ACC4-3C83ADD0E119}"
EndProject
Project("{8BC9CEB8-8B4A-11D0-8D11-00A0C91BC942}") = "Convolution.v12", "Samples\Imagics\Convolution\Convolution.v12.vcxproj", "{1DE0B549-BF0F-4AE8-AE1B-E62607CE6106}"
EndProject
Project("{8BC9CEB8-8B4A-11D0-8D11-00A0C91BC942}") = "MedianFiltering.v12", "Samples\Imagics\MedianFiltering\MedianFiltering.v12.vcxproj", "{9AFBC772-AA08-498E-9017-6B7D803B609B}"
EndProject
Project("{8BC9CEB8-8B4A-11D0-8D11-00A0C91BC942}") = "SurfaceExtraction.v12", "Samples\Imagics\SurfaceExtraction\SurfaceExtraction.v12.vcxproj", "{DF49B45A-F195-49A4-88B1-DB40A957A345}"
EndProject
Project("{8BC9CEB8-8B4A-11D0-8D11-00A0C91BC942}") = "BSplineCurveFitter.v12", "Samples\Mathematics\BSplineCurveFitter\BSplineCurveFitter.v12.vcxproj", "{72DC98F5-C7B4-4496-B58A-893C364712AD}"
EndProject
Project("{8BC9CEB8-8B4A-11D0-8D11-00A0C91BC942}") = "BSplineSurfaceFitter.v12", "Samples\Mathematics\BSplineSurfaceFitter\BSplineSurfaceFitter.v12.vcxproj", "{5F08D66E-C81F-44AE-A99E-A8B80AAF08EB}"
EndProject
Project("{8BC9CEB8-8B4A-11D0-8D11-00A0C91BC942}") = "GenerateMeshUVs.v12", "Samples\Mathematics\GenerateMeshUVs\GenerateMeshUVs.v12.vcxproj", "{EECE8B05-C494-45B9-80F4-724DD00FE521}"
EndProject
Project("{8BC9CEB8-8B4A-11D0-8D11-00A0C91BC942}") = "Interpolation2D.v12", "Samples\Mathematics\Interpolation2D\Interpolation2D.v12.vcxproj", "{A86791A9-B377-46DD-A683-21AD1C0DED01}"
EndProject
Project("{8BC9CEB8-8B4A-11D0-8D11-00A0C91BC942}") = "PartialSums.v12", "Samples\Mathematics\PartialSums\PartialSums.v12.vcxproj", "{5B7710D5-AD21-4860-99DF-1D192B2054BD}"
EndProject
Project("{8BC9CEB8-8B4A-11D0-8D11-00A0C91BC942}") = "PlaneEstimation.v12", "Samples\Mathematics\PlaneEstimation\PlaneEstimation.v12.vcxproj", "{9F26FBBB-F803-41DB-8E96-9064F2F7BA12}"
EndProject
Project("{8BC9CEB8-8B4A-11D0-8D11-00A0C91BC942}") = "RootFinding.v12", "Samples\Mathematics\RootFinding\RootFinding.v12.vcxproj", "{EFDA25F0-22DF-4D86-95F1-88621A5A8899}"
EndProject
Project("{8BC9CEB8-8B4A-11D0-8D11-00A0C91BC942}") = "SymmetricEigensolver3x3.v12", "Samples\Mathematics\SymmetricEigensolver3x3\SymmetricEigensolver3x3.v12.vcxproj", "{52275A7E-32E7-4665-9BE4-44542263B4DA}"
EndProject
Project("{8BC9CEB8-8B4A-11D0-8D11-00A0C91BC942}") = "Cloth.v12", "Samples\Physics\Cloth\Cloth.v12.vcxproj", "{7B3F248B-E56C-441B-AF0D-EBF9C3356E9F}"
EndProject
Project("{8BC9CEB8-8B4A-11D0-8D11-00A0C91BC942}") = "Fluids2D.v12", "Samples\Physics\Fluids2D\Fluids2D.v12.vcxproj", "{1C6EB0CB-E1D3-4007-A315-E533D6E8E57C}"
EndProject
Project("{8BC9CEB8-8B4A-11D0-8D11-00A0C91BC942}") = "Fluids3D.v12", "Samples\Physics\Fluids3D\Fluids3D.v12.vcxproj", "{EF8DAC79-E615-4FAA-9C18-0F2ACEAD9E7C}"
EndProject
Project("{8BC9CEB8-8B4A-11D0-8D11-00A0C91BC942}") = "MassSprings3D.v12", "Samples\Physics\MassSprings3D\MassSprings3D.v12.vcxproj", "{20BE29C7-731D-4816-872B-B4F4BEAB8786}"
EndProject
Project("{8BC9CEB8-8B4A-11D0-8D11-00A0C91BC942}") = "Rope.v12", "Samples\Physics\Rope\Rope.v12.vcxproj", "{BE797700-FF7F-4CBE-A37D-7BB0A5D88CAD}"
EndProject
Project("{8BC9CEB8-8B4A-11D0-8D11-00A0C91BC942}") = "BitmapFontCreator.v12", "Tools\BitmapFontCreator\BitmapFontCreator.v12.vcxproj", "{9983E720-BD11-465E-A297-C7B2D1F76B44}"
EndProject
Project("{8BC9CEB8-8B4A-11D0-8D11-00A0C91BC942}") = "GenerateApproximations.v12", "Tools\GenerateApproximations\GenerateApproximations.v12.vcxproj", "{68D8A1DB-EAE5-49AB-8C8A-6BA76EFD868F}"
EndProject
Project("{8BC9CEB8-8B4A-11D0-8D11-00A0C91BC942}") = "GenerateOpenGLWrapper.v12", "Tools\GenerateOpenGLWrapper\GenerateOpenGLWrapper.v12.vcxproj", "{090816ED-7939-4EE8-AD14-93881D57AC23}"
EndProject
Project("{8BC9CEB8-8B4A-11D0-8D11-00A0C91BC942}") = "GenerateProject.v12", "Tools\GenerateProject\GenerateProject.v12.vcxproj", "{2BECD4D6-C9BB-47B5-AF09-6545086C937C}"
EndProject
Project("{8BC9CEB8-8B4A-11D0-8D11-00A0C91BC942}") = "BillboardNodes.v12", "Samples\Graphics\BillboardNodes\BillboardNodes.v12.vcxproj", "{52FEE171-F383-4F72-A1EE-2E7C8CB0A777}"
EndProject
Project("{8BC9CEB8-8B4A-11D0-8D11-00A0C91BC942}") = "BlendedAnimations.v12", "Samples\Graphics\BlendedAnimations\BlendedAnimations.v12.vcxproj", "{895C1E03-9FC0-4141-92FA-98DFF2BD4D0B}"
EndProject
Project("{8BC9CEB8-8B4A-11D0-8D11-00A0C91BC942}") = "BspNodes.v12", "Samples\Graphics\BspNodes\BspNodes.v12.vcxproj", "{63446B95-989D-48C8-AD80-E0C47AE231FC}"
EndProject
Project("{8BC9CEB8-8B4A-11D0-8D11-00A0C91BC942}") = "BumpMaps.v12", "Samples\Graphics\BumpMaps\BumpMaps.v12.vcxproj", "{B95B4F5F-5465-42AC-A345-AFE3EA48F208}"
EndProject
Project("{8BC9CEB8-8B4A-11D0-8D11-00A0C91BC942}") = "CameraAndLightNodes.v12", "Samples\Graphics\CameraAndLightNodes\CameraAndLightNodes.v12.vcxproj", "{0ACF4ED7-2797-4538-8225-29ADDFC1D93F}"
EndProject
Project("{8BC9CEB8-8B4A-11D0-8D11-00A0C91BC942}") = "GeometryShaders.v12", "Samples\Graphics\GeometryShaders\GeometryShaders.v12.vcxproj", "{1A8D5197-7CFF-4751-9D9D-9134E9473E30}"
EndProject
Project("{8BC9CEB8-8B4A-11D0-8D11-00A0C91BC942}") = "MultipleRenderTargets.v12", "Samples\Graphics\MultipleRenderTargets\MultipleRenderTargets.v12.vcxproj", "{5503B808-B1CE-4CDC-9026-207CABE6D024}"
EndProject
Project("{8BC9CEB8-8B4A-11D0-8D11-00A0C91BC942}") = "SharedTextures.v12", "Samples\Graphics\SharedTextures\SharedTextures.v12.vcxproj", "{3F5F31D6-0CB2-4C2B-8F72-403661186F9D}"
EndProject
Project("{8BC9CEB8-8B4A-11D0-8D11-00A0C91BC942}") = "StructuredBuffers.v12", "Samples\Graphics\StructuredBuffers\StructuredBuffers.v12.vcxproj", "{86EE4017-4FFE-4B1E-A18E-489B81075B0D}"
EndProject
Project("{8BC9CEB8-8B4A-11D0-8D11-00A0C91BC942}") = "TextureArrays.v12", "Samples\Graphics\TextureArrays\TextureArrays.v12.vcxproj", "{CE3DE128-17FB-46ED-A10D-EBD0A191F938}"
EndProject
Project("{8BC9CEB8-8B4A-11D0-8D11-00A0C91BC942}") = "Texturing.v12", "Samples\Graphics\Texturing\Texturing.v12.vcxproj", "{8018A4AD-3FB8-466E-99E7-BB81112749DB}"
EndProject
Project("{8BC9CEB8-8B4A-11D0-8D11-00A0C91BC942}") = "VertexColoring.v12", "Samples\Graphics\VertexColoring\VertexColoring.v12.vcxproj", "{7DEAD6B2-9DC0-4279-8C7E-514D8E51DFE4}"
EndProject
Project("{8BC9CEB8-8B4A-11D0-8D11-00A0C91BC942}") = "GaussianBlurring.v12", "Samples\Imagics\GaussianBlurring\GaussianBlurring.v12.vcxproj", "{74E61B6D-8481-4F8D-BAD9-FAF3794BF2B6}"
EndProject
Project("{8BC9CEB8-8B4A-11D0-8D11-00A0C91BC942}") = "VideoStreams.v12", "Samples\Imagics\VideoStreams\VideoStreams.v12.vcxproj", "{150E8E31-EC98-4DD8-A206-3736F2DABB9F}"
EndProject
Project("{8BC9CEB8-8B4A-11D0-8D11-00A0C91BC942}") = "Castle.v12", "Samples\Graphics\Castle\Castle.v12.vcxproj", "{BFA5FA78-160B-402F-A0F9-97EF8100AF1C}"
EndProject
Project("{8BC9CEB8-8B4A-11D0-8D11-00A0C91BC942}") = "LightTexture.v12", "Samples\Graphics\LightTexture\LightTexture.v12.vcxproj", "{118F62C3-BD75-4847-AA4A-57DCB1B1602D}"
EndProject
Global
	GlobalSection(SolutionConfigurationPlatforms) = preSolution
		Debug|Win32 = Debug|Win32
		Debug|x64 = Debug|x64
		DebugGL4|Win32 = DebugGL4|Win32
		DebugGL4|x64 = DebugGL4|x64
		Release|Win32 = Release|Win32
		Release|x64 = Release|x64
		ReleaseGL4|Win32 = ReleaseGL4|Win32
		ReleaseGL4|x64 = ReleaseGL4|x64
	EndGlobalSection
	GlobalSection(ProjectConfigurationPlatforms) = postSolution
		{702CEC70-EE3E-43A0-8D93-48B58FA50D3C}.Debug|Win32.ActiveCfg = Debug|Win32
		{702CEC70-EE3E-43A0-8D93-48B58FA50D3C}.Debug|Win32.Build.0 = Debug|Win32
		{702CEC70-EE3E-43A0-8D93-48B58FA50D3C}.Debug|x64.ActiveCfg = Debug|x64
		{702CEC70-EE3E-43A0-8D93-48B58FA50D3C}.Debug|x64.Build.0 = Debug|x64
		{702CEC70-EE3E-43A0-8D93-48B58FA50D3C}.DebugGL4|Win32.ActiveCfg = DebugGL4|Win32
		{702CEC70-EE3E-43A0-8D93-48B58FA50D3C}.DebugGL4|Win32.Build.0 = DebugGL4|Win32
		{702CEC70-EE3E-43A0-8D93-48B58FA50D3C}.DebugGL4|x64.ActiveCfg = DebugGL4|x64
		{702CEC70-EE3E-43A0-8D93-48B58FA50D3C}.DebugGL4|x64.Build.0 = DebugGL4|x64
		{702CEC70-EE3E-43A0-8D93-48B58FA50D3C}.Release|Win32.ActiveCfg = Release|Win32
		{702CEC70-EE3E-43A0-8D93-48B58FA50D3C}.Release|Win32.Build.0 = Release|Win32
		{702CEC70-EE3E-43A0-8D93-48B58FA50D3C}.Release|x64.ActiveCfg = Release|x64
		{702CEC70-EE3E-43A0-8D93-48B58FA50D3C}.Release|x64.Build.0 = Release|x64
		{702CEC70-EE3E-43A0-8D93-48B58FA50D3C}.ReleaseGL4|Win32.ActiveCfg = ReleaseGL4|Win32
		{702CEC70-EE3E-43A0-8D93-48B58FA50D3C}.ReleaseGL4|Win32.Build.0 = ReleaseGL4|Win32
		{702CEC70-EE3E-43A0-8D93-48B58FA50D3C}.ReleaseGL4|x64.ActiveCfg = ReleaseGL4|x64
		{702CEC70-EE3E-43A0-8D93-48B58FA50D3C}.ReleaseGL4|x64.Build.0 = ReleaseGL4|x64
		{85F85DD5-B18E-4D16-A591-D2F017A1F34F}.Debug|Win32.ActiveCfg = Debug|Win32
		{85F85DD5-B18E-4D16-A591-D2F017A1F34F}.Debug|Win32.Build.0 = Debug|Win32
		{85F85DD5-B18E-4D16-A591-D2F017A1F34F}.Debug|x64.ActiveCfg = Debug|x64
		{85F85DD5-B18E-4D16-A591-D2F017A1F34F}.Debug|x64.Build.0 = Debug|x64
		{85F85DD5-B18E-4D16-A591-D2F017A1F34F}.DebugGL4|Win32.ActiveCfg = Debug|Win32
		{85F85DD5-B18E-4D16-A591-D2F017A1F34F}.DebugGL4|Win32.Build.0 = Debug|Win32
		{85F85DD5-B18E-4D16-A591-D2F017A1F34F}.DebugGL4|x64.ActiveCfg = Debug|x64
		{85F85DD5-B18E-4D16-A591-D2F017A1F34F}.DebugGL4|x64.Build.0 = Debug|x64
		{85F85DD5-B18E-4D16-A591-D2F017A1F34F}.Release|Win32.ActiveCfg = Release|Win32
		{85F85DD5-B18E-4D16-A591-D2F017A1F34F}.Release|Win32.Build.0 = Release|Win32
		{85F85DD5-B18E-4D16-A591-D2F017A1F34F}.Release|x64.ActiveCfg = Release|x64
		{85F85DD5-B18E-4D16-A591-D2F017A1F34F}.Release|x64.Build.0 = Release|x64
		{85F85DD5-B18E-4D16-A591-D2F017A1F34F}.ReleaseGL4|Win32.ActiveCfg = Release|Win32
		{85F85DD5-B18E-4D16-A591-D2F017A1F34F}.ReleaseGL4|Win32.Build.0 = Release|Win32
		{85F85DD5-B18E-4D16-A591-D2F017A1F34F}.ReleaseGL4|x64.ActiveCfg = Release|x64
		{85F85DD5-B18E-4D16-A591-D2F017A1F34F}.ReleaseGL4|x64.Build.0 = Release|x64
		{2874B9A3-6D50-44AF-B88D-58980C8CCF63}.Debug|Win32.ActiveCfg = Debug|Win32
		{2874B9A3-6D50-44AF-B88D-58980C8CCF63}.Debug|Win32.Build.0 = Debug|Win32
		{2874B9A3-6D50-44AF-B88D-58980C8CCF63}.Debug|x64.ActiveCfg = Debug|x64
		{2874B9A3-6D50-44AF-B88D-58980C8CCF63}.Debug|x64.Build.0 = Debug|x64
		{2874B9A3-6D50-44AF-B88D-58980C8CCF63}.DebugGL4|Win32.ActiveCfg = Debug|Win32
		{2874B9A3-6D50-44AF-B88D-58980C8CCF63}.DebugGL4|Win32.Build.0 = Debug|Win32
		{2874B9A3-6D50-44AF-B88D-58980C8CCF63}.DebugGL4|x64.ActiveCfg = Debug|x64
		{2874B9A3-6D50-44AF-B88D-58980C8CCF63}.DebugGL4|x64.Build.0 = Debug|x64
		{2874B9A3-6D50-44AF-B88D-58980C8CCF63}.Release|Win32.ActiveCfg = Release|Win32
		{2874B9A3-6D50-44AF-B88D-58980C8CCF63}.Release|Win32.Build.0 = Release|Win32
		{2874B9A3-6D50-44AF-B88D-58980C8CCF63}.Release|x64.ActiveCfg = Release|x64
		{2874B9A3-6D50-44AF-B88D-58980C8CCF63}.Release|x64.Build.0 = Release|x64
		{2874B9A3-6D50-44AF-B88D-58980C8CCF63}.ReleaseGL4|Win32.ActiveCfg = Release|Win32
		{2874B9A3-6D50-44AF-B88D-58980C8CCF63}.ReleaseGL4|Win32.Build.0 = Release|Win32
		{2874B9A3-6D50-44AF-B88D-58980C8CCF63}.ReleaseGL4|x64.ActiveCfg = Release|x64
		{2874B9A3-6D50-44AF-B88D-58980C8CCF63}.ReleaseGL4|x64.Build.0 = Release|x64
		{2DAF88EB-6D19-4393-88DC-DE598D843FC1}.Debug|Win32.ActiveCfg = Debug|Win32
		{2DAF88EB-6D19-4393-88DC-DE598D843FC1}.Debug|Win32.Build.0 = Debug|Win32
		{2DAF88EB-6D19-4393-88DC-DE598D843FC1}.Debug|x64.ActiveCfg = Debug|x64
		{2DAF88EB-6D19-4393-88DC-DE598D843FC1}.Debug|x64.Build.0 = Debug|x64
		{2DAF88EB-6D19-4393-88DC-DE598D843FC1}.DebugGL4|Win32.ActiveCfg = Debug|Win32
		{2DAF88EB-6D19-4393-88DC-DE598D843FC1}.DebugGL4|Win32.Build.0 = Debug|Win32
		{2DAF88EB-6D19-4393-88DC-DE598D843FC1}.DebugGL4|x64.ActiveCfg = Debug|x64
		{2DAF88EB-6D19-4393-88DC-DE598D843FC1}.DebugGL4|x64.Build.0 = Debug|x64
		{2DAF88EB-6D19-4393-88DC-DE598D843FC1}.Release|Win32.ActiveCfg = Release|Win32
		{2DAF88EB-6D19-4393-88DC-DE598D843FC1}.Release|Win32.Build.0 = Release|Win32
		{2DAF88EB-6D19-4393-88DC-DE598D843FC1}.Release|x64.ActiveCfg = Release|x64
		{2DAF88EB-6D19-4393-88DC-DE598D843FC1}.Release|x64.Build.0 = Release|x64
		{2DAF88EB-6D19-4393-88DC-DE598D843FC1}.ReleaseGL4|Win32.ActiveCfg = Release|Win32
		{2DAF88EB-6D19-4393-88DC-DE598D843FC1}.ReleaseGL4|Win32.Build.0 = Release|Win32
		{2DAF88EB-6D19-4393-88DC-DE598D843FC1}.ReleaseGL4|x64.ActiveCfg = Release|x64
		{2DAF88EB-6D19-4393-88DC-DE598D843FC1}.ReleaseGL4|x64.Build.0 = Release|x64
		{C9E51AA9-ED9C-4D9D-882E-870E0DFC0466}.Debug|Win32.ActiveCfg = Debug|Win32
		{C9E51AA9-ED9C-4D9D-882E-870E0DFC0466}.Debug|Win32.Build.0 = Debug|Win32
		{C9E51AA9-ED9C-4D9D-882E-870E0DFC0466}.Debug|x64.ActiveCfg = Debug|x64
		{C9E51AA9-ED9C-4D9D-882E-870E0DFC0466}.Debug|x64.Build.0 = Debug|x64
		{C9E51AA9-ED9C-4D9D-882E-870E0DFC0466}.DebugGL4|Win32.ActiveCfg = Debug|Win32
		{C9E51AA9-ED9C-4D9D-882E-870E0DFC0466}.DebugGL4|Win32.Build.0 = Debug|Win32
		{C9E51AA9-ED9C-4D9D-882E-870E0DFC0466}.DebugGL4|x64.ActiveCfg = Debug|x64
		{C9E51AA9-ED9C-4D9D-882E-870E0DFC0466}.DebugGL4|x64.Build.0 = Debug|x64
		{C9E51AA9-ED9C-4D9D-882E-870E0DFC0466}.Release|Win32.ActiveCfg = Release|Win32
		{C9E51AA9-ED9C-4D9D-882E-870E0DFC0466}.Release|Win32.Build.0 = Release|Win32
		{C9E51AA9-ED9C-4D9D-882E-870E0DFC0466}.Release|x64.ActiveCfg = Release|x64
		{C9E51AA9-ED9C-4D9D-882E-870E0DFC0466}.Release|x64.Build.0 = Release|x64
		{C9E51AA9-ED9C-4D9D-882E-870E0DFC0466}.ReleaseGL4|Win32.ActiveCfg = Release|Win32
		{C9E51AA9-ED9C-4D9D-882E-870E0DFC0466}.ReleaseGL4|Win32.Build.0 = Release|Win32
		{C9E51AA9-ED9C-4D9D-882E-870E0DFC0466}.ReleaseGL4|x64.ActiveCfg = Release|x64
		{C9E51AA9-ED9C-4D9D-882E-870E0DFC0466}.ReleaseGL4|x64.Build.0 = Release|x64
		{A37EEEBB-914F-4B89-872B-D581FA0EF7A1}.Debug|Win32.ActiveCfg = Debug|Win32
		{A37EEEBB-914F-4B89-872B-D581FA0EF7A1}.Debug|Win32.Build.0 = Debug|Win32
		{A37EEEBB-914F-4B89-872B-D581FA0EF7A1}.Debug|x64.ActiveCfg = Debug|x64
		{A37EEEBB-914F-4B89-872B-D581FA0EF7A1}.Debug|x64.Build.0 = Debug|x64
		{A37EEEBB-914F-4B89-872B-D581FA0EF7A1}.DebugGL4|Win32.ActiveCfg = Debug|Win32
		{A37EEEBB-914F-4B89-872B-D581FA0EF7A1}.DebugGL4|Win32.Build.0 = Debug|Win32
		{A37EEEBB-914F-4B89-872B-D581FA0EF7A1}.DebugGL4|x64.ActiveCfg = Debug|x64
		{A37EEEBB-914F-4B89-872B-D581FA0EF7A1}.DebugGL4|x64.Build.0 = Debug|x64
		{A37EEEBB-914F-4B89-872B-D581FA0EF7A1}.Release|Win32.ActiveCfg = Release|Win32
		{A37EEEBB-914F-4B89-872B-D581FA0EF7A1}.Release|Win32.Build.0 = Release|Win32
		{A37EEEBB-914F-4B89-872B-D581FA0EF7A1}.Release|x64.ActiveCfg = Release|x64
		{A37EEEBB-914F-4B89-872B-D581FA0EF7A1}.Release|x64.Build.0 = Release|x64
		{A37EEEBB-914F-4B89-872B-D581FA0EF7A1}.ReleaseGL4|Win32.ActiveCfg = Release|Win32
		{A37EEEBB-914F-4B89-872B-D581FA0EF7A1}.ReleaseGL4|Win32.Build.0 = Release|Win32
		{A37EEEBB-914F-4B89-872B-D581FA0EF7A1}.ReleaseGL4|x64.ActiveCfg = Release|x64
		{A37EEEBB-914F-4B89-872B-D581FA0EF7A1}.ReleaseGL4|x64.Build.0 = Release|x64
		{38A56F7B-BBDF-49C9-B84E-4CC01F36F314}.Debug|Win32.ActiveCfg = Debug|Win32
		{38A56F7B-BBDF-49C9-B84E-4CC01F36F314}.Debug|Win32.Build.0 = Debug|Win32
		{38A56F7B-BBDF-49C9-B84E-4CC01F36F314}.Debug|x64.ActiveCfg = Debug|x64
		{38A56F7B-BBDF-49C9-B84E-4CC01F36F314}.Debug|x64.Build.0 = Debug|x64
		{38A56F7B-BBDF-49C9-B84E-4CC01F36F314}.DebugGL4|Win32.ActiveCfg = Debug|Win32
		{38A56F7B-BBDF-49C9-B84E-4CC01F36F314}.DebugGL4|Win32.Build.0 = Debug|Win32
		{38A56F7B-BBDF-49C9-B84E-4CC01F36F314}.DebugGL4|x64.ActiveCfg = Debug|x64
		{38A56F7B-BBDF-49C9-B84E-4CC01F36F314}.DebugGL4|x64.Build.0 = Debug|x64
		{38A56F7B-BBDF-49C9-B84E-4CC01F36F314}.Release|Win32.ActiveCfg = Release|Win32
		{38A56F7B-BBDF-49C9-B84E-4CC01F36F314}.Release|Win32.Build.0 = Release|Win32
		{38A56F7B-BBDF-49C9-B84E-4CC01F36F314}.Release|x64.ActiveCfg = Release|x64
		{38A56F7B-BBDF-49C9-B84E-4CC01F36F314}.Release|x64.Build.0 = Release|x64
		{38A56F7B-BBDF-49C9-B84E-4CC01F36F314}.ReleaseGL4|Win32.ActiveCfg = Release|Win32
		{38A56F7B-BBDF-49C9-B84E-4CC01F36F314}.ReleaseGL4|Win32.Build.0 = Release|Win32
		{38A56F7B-BBDF-49C9-B84E-4CC01F36F314}.ReleaseGL4|x64.ActiveCfg = Release|x64
		{38A56F7B-BBDF-49C9-B84E-4CC01F36F314}.ReleaseGL4|x64.Build.0 = Release|x64
		{399DB2C4-6741-4796-ACB2-729C23E0C24D}.Debug|Win32.ActiveCfg = Debug|Win32
		{399DB2C4-6741-4796-ACB2-729C23E0C24D}.Debug|Win32.Build.0 = Debug|Win32
		{399DB2C4-6741-4796-ACB2-729C23E0C24D}.Debug|x64.ActiveCfg = Debug|x64
		{399DB2C4-6741-4796-ACB2-729C23E0C24D}.Debug|x64.Build.0 = Debug|x64
		{399DB2C4-6741-4796-ACB2-729C23E0C24D}.DebugGL4|Win32.ActiveCfg = Debug|Win32
		{399DB2C4-6741-4796-ACB2-729C23E0C24D}.DebugGL4|Win32.Build.0 = Debug|Win32
		{399DB2C4-6741-4796-ACB2-729C23E0C24D}.DebugGL4|x64.ActiveCfg = Debug|x64
		{399DB2C4-6741-4796-ACB2-729C23E0C24D}.DebugGL4|x64.Build.0 = Debug|x64
		{399DB2C4-6741-4796-ACB2-729C23E0C24D}.Release|Win32.ActiveCfg = Release|Win32
		{399DB2C4-6741-4796-ACB2-729C23E0C24D}.Release|Win32.Build.0 = Release|Win32
		{399DB2C4-6741-4796-ACB2-729C23E0C24D}.Release|x64.ActiveCfg = Release|x64
		{399DB2C4-6741-4796-ACB2-729C23E0C24D}.Release|x64.Build.0 = Release|x64
		{399DB2C4-6741-4796-ACB2-729C23E0C24D}.ReleaseGL4|Win32.ActiveCfg = Release|Win32
		{399DB2C4-6741-4796-ACB2-729C23E0C24D}.ReleaseGL4|Win32.Build.0 = Release|Win32
		{399DB2C4-6741-4796-ACB2-729C23E0C24D}.ReleaseGL4|x64.ActiveCfg = Release|x64
		{399DB2C4-6741-4796-ACB2-729C23E0C24D}.ReleaseGL4|x64.Build.0 = Release|x64
		{B2BB6EEC-CEB0-44CC-A146-065C7AC44978}.Debug|Win32.ActiveCfg = Debug|Win32
		{B2BB6EEC-CEB0-44CC-A146-065C7AC44978}.Debug|Win32.Build.0 = Debug|Win32
		{B2BB6EEC-CEB0-44CC-A146-065C7AC44978}.Debug|x64.ActiveCfg = Debug|x64
		{B2BB6EEC-CEB0-44CC-A146-065C7AC44978}.Debug|x64.Build.0 = Debug|x64
		{B2BB6EEC-CEB0-44CC-A146-065C7AC44978}.DebugGL4|Win32.ActiveCfg = Debug|Win32
		{B2BB6EEC-CEB0-44CC-A146-065C7AC44978}.DebugGL4|Win32.Build.0 = Debug|Win32
		{B2BB6EEC-CEB0-44CC-A146-065C7AC44978}.DebugGL4|x64.ActiveCfg = Debug|x64
		{B2BB6EEC-CEB0-44CC-A146-065C7AC44978}.DebugGL4|x64.Build.0 = Debug|x64
		{B2BB6EEC-CEB0-44CC-A146-065C7AC44978}.Release|Win32.ActiveCfg = Release|Win32
		{B2BB6EEC-CEB0-44CC-A146-065C7AC44978}.Release|Win32.Build.0 = Release|Win32
		{B2BB6EEC-CEB0-44CC-A146-065C7AC44978}.Release|x64.ActiveCfg = Release|x64
		{B2BB6EEC-CEB0-44CC-A146-065C7AC44978}.Release|x64.Build.0 = Release|x64
		{B2BB6EEC-CEB0-44CC-A146-065C7AC44978}.ReleaseGL4|Win32.ActiveCfg = Release|Win32
		{B2BB6EEC-CEB0-44CC-A146-065C7AC44978}.ReleaseGL4|Win32.Build.0 = Release|Win32
		{B2BB6EEC-CEB0-44CC-A146-065C7AC44978}.ReleaseGL4|x64.ActiveCfg = Release|x64
		{B2BB6EEC-CEB0-44CC-A146-065C7AC44978}.ReleaseGL4|x64.Build.0 = Release|x64
		{24036098-E6CF-44D0-B7AC-06859C5CAC4B}.Debug|Win32.ActiveCfg = Debug|Win32
		{24036098-E6CF-44D0-B7AC-06859C5CAC4B}.Debug|Win32.Build.0 = Debug|Win32
		{24036098-E6CF-44D0-B7AC-06859C5CAC4B}.Debug|x64.ActiveCfg = Debug|x64
		{24036098-E6CF-44D0-B7AC-06859C5CAC4B}.Debug|x64.Build.0 = Debug|x64
		{24036098-E6CF-44D0-B7AC-06859C5CAC4B}.DebugGL4|Win32.ActiveCfg = Debug|Win32
		{24036098-E6CF-44D0-B7AC-06859C5CAC4B}.DebugGL4|Win32.Build.0 = Debug|Win32
		{24036098-E6CF-44D0-B7AC-06859C5CAC4B}.DebugGL4|x64.ActiveCfg = Debug|x64
		{24036098-E6CF-44D0-B7AC-06859C5CAC4B}.DebugGL4|x64.Build.0 = Debug|x64
		{24036098-E6CF-44D0-B7AC-06859C5CAC4B}.Release|Win32.ActiveCfg = Release|Win32
		{24036098-E6CF-44D0-B7AC-06859C5CAC4B}.Release|Win32.Build.0 = Release|Win32
		{24036098-E6CF-44D0-B7AC-06859C5CAC4B}.Release|x64.ActiveCfg = Release|x64
		{24036098-E6CF-44D0-B7AC-06859C5CAC4B}.Release|x64.Build.0 = Release|x64
		{24036098-E6CF-44D0-B7AC-06859C5CAC4B}.ReleaseGL4|Win32.ActiveCfg = Release|Win32
		{24036098-E6CF-44D0-B7AC-06859C5CAC4B}.ReleaseGL4|Win32.Build.0 = Release|Win32
		{24036098-E6CF-44D0-B7AC-06859C5CAC4B}.ReleaseGL4|x64.ActiveCfg = Release|x64
		{24036098-E6CF-44D0-B7AC-06859C5CAC4B}.ReleaseGL4|x64.Build.0 = Release|x64
		{7165016D-FE06-434F-8999-8676617E3A3F}.Debug|Win32.ActiveCfg = Debug|Win32
		{7165016D-FE06-434F-8999-8676617E3A3F}.Debug|Win32.Build.0 = Debug|Win32
		{7165016D-FE06-434F-8999-8676617E3A3F}.Debug|x64.ActiveCfg = Debug|x64
		{7165016D-FE06-434F-8999-8676617E3A3F}.Debug|x64.Build.0 = Debug|x64
		{7165016D-FE06-434F-8999-8676617E3A3F}.DebugGL4|Win32.ActiveCfg = Debug|Win32
		{7165016D-FE06-434F-8999-8676617E3A3F}.DebugGL4|Win32.Build.0 = Debug|Win32
		{7165016D-FE06-434F-8999-8676617E3A3F}.DebugGL4|x64.ActiveCfg = Debug|x64
		{7165016D-FE06-434F-8999-8676617E3A3F}.DebugGL4|x64.Build.0 = Debug|x64
		{7165016D-FE06-434F-8999-8676617E3A3F}.Release|Win32.ActiveCfg = Release|Win32
		{7165016D-FE06-434F-8999-8676617E3A3F}.Release|Win32.Build.0 = Release|Win32
		{7165016D-FE06-434F-8999-8676617E3A3F}.Release|x64.ActiveCfg = Release|x64
		{7165016D-FE06-434F-8999-8676617E3A3F}.Release|x64.Build.0 = Release|x64
		{7165016D-FE06-434F-8999-8676617E3A3F}.ReleaseGL4|Win32.ActiveCfg = Release|Win32
		{7165016D-FE06-434F-8999-8676617E3A3F}.ReleaseGL4|Win32.Build.0 = Release|Win32
		{7165016D-FE06-434F-8999-8676617E3A3F}.ReleaseGL4|x64.ActiveCfg = Release|x64
		{7165016D-FE06-434F-8999-8676617E3A3F}.ReleaseGL4|x64.Build.0 = Release|x64
		{87C763D0-8F8E-4F6D-AEBA-4E2AF6C47741}.Debug|Win32.ActiveCfg = Debug|Win32
		{87C763D0-8F8E-4F6D-AEBA-4E2AF6C47741}.Debug|Win32.Build.0 = Debug|Win32
		{87C763D0-8F8E-4F6D-AEBA-4E2AF6C47741}.Debug|x64.ActiveCfg = Debug|x64
		{87C763D0-8F8E-4F6D-AEBA-4E2AF6C47741}.Debug|x64.Build.0 = Debug|x64
		{87C763D0-8F8E-4F6D-AEBA-4E2AF6C47741}.DebugGL4|Win32.ActiveCfg = Debug|Win32
		{87C763D0-8F8E-4F6D-AEBA-4E2AF6C47741}.DebugGL4|Win32.Build.0 = Debug|Win32
		{87C763D0-8F8E-4F6D-AEBA-4E2AF6C47741}.DebugGL4|x64.ActiveCfg = Debug|x64
		{87C763D0-8F8E-4F6D-AEBA-4E2AF6C47741}.DebugGL4|x64.Build.0 = Debug|x64
		{87C763D0-8F8E-4F6D-AEBA-4E2AF6C47741}.Release|Win32.ActiveCfg = Release|Win32
		{87C763D0-8F8E-4F6D-AEBA-4E2AF6C47741}.Release|Win32.Build.0 = Release|Win32
		{87C763D0-8F8E-4F6D-AEBA-4E2AF6C47741}.Release|x64.ActiveCfg = Release|x64
		{87C763D0-8F8E-4F6D-AEBA-4E2AF6C47741}.Release|x64.Build.0 = Release|x64
		{87C763D0-8F8E-4F6D-AEBA-4E2AF6C47741}.ReleaseGL4|Win32.ActiveCfg = Release|Win32
		{87C763D0-8F8E-4F6D-AEBA-4E2AF6C47741}.ReleaseGL4|Win32.Build.0 = Release|Win32
		{87C763D0-8F8E-4F6D-AEBA-4E2AF6C47741}.ReleaseGL4|x64.ActiveCfg = Release|x64
		{87C763D0-8F8E-4F6D-AEBA-4E2AF6C47741}.ReleaseGL4|x64.Build.0 = Release|x64
		{F11D6DDA-E258-4D83-A6EA-948DA786641B}.Debug|Win32.ActiveCfg = Debug|Win32
		{F11D6DDA-E258-4D83-A6EA-948DA786641B}.Debug|Win32.Build.0 = Debug|Win32
		{F11D6DDA-E258-4D83-A6EA-948DA786641B}.Debug|x64.ActiveCfg = Debug|x64
		{F11D6DDA-E258-4D83-A6EA-948DA786641B}.Debug|x64.Build.0 = Debug|x64
		{F11D6DDA-E258-4D83-A6EA-948DA786641B}.DebugGL4|Win32.ActiveCfg = Debug|Win32
		{F11D6DDA-E258-4D83-A6EA-948DA786641B}.DebugGL4|Win32.Build.0 = Debug|Win32
		{F11D6DDA-E258-4D83-A6EA-948DA786641B}.DebugGL4|x64.ActiveCfg = Debug|x64
		{F11D6DDA-E258-4D83-A6EA-948DA786641B}.DebugGL4|x64.Build.0 = Debug|x64
		{F11D6DDA-E258-4D83-A6EA-948DA786641B}.Release|Win32.ActiveCfg = Release|Win32
		{F11D6DDA-E258-4D83-A6EA-948DA786641B}.Release|Win32.Build.0 = Release|Win32
		{F11D6DDA-E258-4D83-A6EA-948DA786641B}.Release|x64.ActiveCfg = Release|x64
		{F11D6DDA-E258-4D83-A6EA-948DA786641B}.Release|x64.Build.0 = Release|x64
		{F11D6DDA-E258-4D83-A6EA-948DA786641B}.ReleaseGL4|Win32.ActiveCfg = Release|Win32
		{F11D6DDA-E258-4D83-A6EA-948DA786641B}.ReleaseGL4|Win32.Build.0 = Release|Win32
		{F11D6DDA-E258-4D83-A6EA-948DA786641B}.ReleaseGL4|x64.ActiveCfg = Release|x64
		{F11D6DDA-E258-4D83-A6EA-948DA786641B}.ReleaseGL4|x64.Build.0 = Release|x64
		{7C203B44-8ACD-4C6A-8E13-9DF59BED73B6}.Debug|Win32.ActiveCfg = Debug|Win32
		{7C203B44-8ACD-4C6A-8E13-9DF59BED73B6}.Debug|Win32.Build.0 = Debug|Win32
		{7C203B44-8ACD-4C6A-8E13-9DF59BED73B6}.Debug|x64.ActiveCfg = Debug|x64
		{7C203B44-8ACD-4C6A-8E13-9DF59BED73B6}.Debug|x64.Build.0 = Debug|x64
		{7C203B44-8ACD-4C6A-8E13-9DF59BED73B6}.DebugGL4|Win32.ActiveCfg = Debug|Win32
		{7C203B44-8ACD-4C6A-8E13-9DF59BED73B6}.DebugGL4|Win32.Build.0 = Debug|Win32
		{7C203B44-8ACD-4C6A-8E13-9DF59BED73B6}.DebugGL4|x64.ActiveCfg = Debug|x64
		{7C203B44-8ACD-4C6A-8E13-9DF59BED73B6}.DebugGL4|x64.Build.0 = Debug|x64
		{7C203B44-8ACD-4C6A-8E13-9DF59BED73B6}.Release|Win32.ActiveCfg = Release|Win32
		{7C203B44-8ACD-4C6A-8E13-9DF59BED73B6}.Release|Win32.Build.0 = Release|Win32
		{7C203B44-8ACD-4C6A-8E13-9DF59BED73B6}.Release|x64.ActiveCfg = Release|x64
		{7C203B44-8ACD-4C6A-8E13-9DF59BED73B6}.Release|x64.Build.0 = Release|x64
		{7C203B44-8ACD-4C6A-8E13-9DF59BED73B6}.ReleaseGL4|Win32.ActiveCfg = Release|Win32
		{7C203B44-8ACD-4C6A-8E13-9DF59BED73B6}.ReleaseGL4|Win32.Build.0 = Release|Win32
		{7C203B44-8ACD-4C6A-8E13-9DF59BED73B6}.ReleaseGL4|x64.ActiveCfg = Release|x64
		{7C203B44-8ACD-4C6A-8E13-9DF59BED73B6}.ReleaseGL4|x64.Build.0 = Release|x64
		{9CFEDB64-71EC-44F0-9521-41A7F7ABFAE9}.Debug|Win32.ActiveCfg = Debug|Win32
		{9CFEDB64-71EC-44F0-9521-41A7F7ABFAE9}.Debug|Win32.Build.0 = Debug|Win32
		{9CFEDB64-71EC-44F0-9521-41A7F7ABFAE9}.Debug|x64.ActiveCfg = Debug|x64
		{9CFEDB64-71EC-44F0-9521-41A7F7ABFAE9}.Debug|x64.Build.0 = Debug|x64
		{9CFEDB64-71EC-44F0-9521-41A7F7ABFAE9}.DebugGL4|Win32.ActiveCfg = Debug|Win32
		{9CFEDB64-71EC-44F0-9521-41A7F7ABFAE9}.DebugGL4|Win32.Build.0 = Debug|Win32
		{9CFEDB64-71EC-44F0-9521-41A7F7ABFAE9}.DebugGL4|x64.ActiveCfg = Debug|x64
		{9CFEDB64-71EC-44F0-9521-41A7F7ABFAE9}.DebugGL4|x64.Build.0 = Debug|x64
		{9CFEDB64-71EC-44F0-9521-41A7F7ABFAE9}.Release|Win32.ActiveCfg = Release|Win32
		{9CFEDB64-71EC-44F0-9521-41A7F7ABFAE9}.Release|Win32.Build.0 = Release|Win32
		{9CFEDB64-71EC-44F0-9521-41A7F7ABFAE9}.Release|x64.ActiveCfg = Release|x64
		{9CFEDB64-71EC-44F0-9521-41A7F7ABFAE9}.Release|x64.Build.0 = Release|x64
		{9CFEDB64-71EC-44F0-9521-41A7F7ABFAE9}.ReleaseGL4|Win32.ActiveCfg = Release|Win32
		{9CFEDB64-71EC-44F0-9521-41A7F7ABFAE9}.ReleaseGL4|Win32.Build.0 = Release|Win32
		{9CFEDB64-71EC-44F0-9521-41A7F7ABFAE9}.ReleaseGL4|x64.ActiveCfg = Release|x64
		{9CFEDB64-71EC-44F0-9521-41A7F7ABFAE9}.ReleaseGL4|x64.Build.0 = Release|x64
		{024497C6-6335-4B53-9CDB-BF472E40C636}.Debug|Win32.ActiveCfg = Debug|Win32
		{024497C6-6335-4B53-9CDB-BF472E40C636}.Debug|Win32.Build.0 = Debug|Win32
		{024497C6-6335-4B53-9CDB-BF472E40C636}.Debug|x64.ActiveCfg = Debug|x64
		{024497C6-6335-4B53-9CDB-BF472E40C636}.Debug|x64.Build.0 = Debug|x64
		{024497C6-6335-4B53-9CDB-BF472E40C636}.DebugGL4|Win32.ActiveCfg = Debug|Win32
		{024497C6-6335-4B53-9CDB-BF472E40C636}.DebugGL4|Win32.Build.0 = Debug|Win32
		{024497C6-6335-4B53-9CDB-BF472E40C636}.DebugGL4|x64.ActiveCfg = Debug|x64
		{024497C6-6335-4B53-9CDB-BF472E40C636}.DebugGL4|x64.Build.0 = Debug|x64
		{024497C6-6335-4B53-9CDB-BF472E40C636}.Release|Win32.ActiveCfg = Release|Win32
		{024497C6-6335-4B53-9CDB-BF472E40C636}.Release|Win32.Build.0 = Release|Win32
		{024497C6-6335-4B53-9CDB-BF472E40C636}.Release|x64.ActiveCfg = Release|x64
		{024497C6-6335-4B53-9CDB-BF472E40C636}.Release|x64.Build.0 = Release|x64
		{024497C6-6335-4B53-9CDB-BF472E40C636}.ReleaseGL4|Win32.ActiveCfg = Release|Win32
		{024497C6-6335-4B53-9CDB-BF472E40C636}.ReleaseGL4|Win32.Build.0 = Release|Win32
		{024497C6-6335-4B53-9CDB-BF472E40C636}.ReleaseGL4|x64.ActiveCfg = Release|x64
		{024497C6-6335-4B53-9CDB-BF472E40C636}.ReleaseGL4|x64.Build.0 = Release|x64
		{2CF2A877-65C1-4665-B34A-68BB1CEFABF6}.Debug|Win32.ActiveCfg = Debug|Win32
		{2CF2A877-65C1-4665-B34A-68BB1CEFABF6}.Debug|Win32.Build.0 = Debug|Win32
		{2CF2A877-65C1-4665-B34A-68BB1CEFABF6}.Debug|x64.ActiveCfg = Debug|x64
		{2CF2A877-65C1-4665-B34A-68BB1CEFABF6}.Debug|x64.Build.0 = Debug|x64
		{2CF2A877-65C1-4665-B34A-68BB1CEFABF6}.DebugGL4|Win32.ActiveCfg = Debug|Win32
		{2CF2A877-65C1-4665-B34A-68BB1CEFABF6}.DebugGL4|Win32.Build.0 = Debug|Win32
		{2CF2A877-65C1-4665-B34A-68BB1CEFABF6}.DebugGL4|x64.ActiveCfg = Debug|x64
		{2CF2A877-65C1-4665-B34A-68BB1CEFABF6}.DebugGL4|x64.Build.0 = Debug|x64
		{2CF2A877-65C1-4665-B34A-68BB1CEFABF6}.Release|Win32.ActiveCfg = Release|Win32
		{2CF2A877-65C1-4665-B34A-68BB1CEFABF6}.Release|Win32.Build.0 = Release|Win32
		{2CF2A877-65C1-4665-B34A-68BB1CEFABF6}.Release|x64.ActiveCfg = Release|x64
		{2CF2A877-65C1-4665-B34A-68BB1CEFABF6}.Release|x64.Build.0 = Release|x64
		{2CF2A877-65C1-4665-B34A-68BB1CEFABF6}.ReleaseGL4|Win32.ActiveCfg = Release|Win32
		{2CF2A877-65C1-4665-B34A-68BB1CEFABF6}.ReleaseGL4|Win32.Build.0 = Release|Win32
		{2CF2A877-65C1-4665-B34A-68BB1CEFABF6}.ReleaseGL4|x64.ActiveCfg = Release|x64
		{2CF2A877-65C1-4665-B34A-68BB1CEFABF6}.ReleaseGL4|x64.Build.0 = Release|x64
		{E90E2D40-E445-474B-A670-B8763666E780}.Debug|Win32.ActiveCfg = Debug|Win32
		{E90E2D40-E445-474B-A670-B8763666E780}.Debug|Win32.Build.0 = Debug|Win32
		{E90E2D40-E445-474B-A670-B8763666E780}.Debug|x64.ActiveCfg = Debug|x64
		{E90E2D40-E445-474B-A670-B8763666E780}.Debug|x64.Build.0 = Debug|x64
		{E90E2D40-E445-474B-A670-B8763666E780}.DebugGL4|Win32.ActiveCfg = Debug|Win32
		{E90E2D40-E445-474B-A670-B8763666E780}.DebugGL4|Win32.Build.0 = Debug|Win32
		{E90E2D40-E445-474B-A670-B8763666E780}.DebugGL4|x64.ActiveCfg = Debug|x64
		{E90E2D40-E445-474B-A670-B8763666E780}.DebugGL4|x64.Build.0 = Debug|x64
		{E90E2D40-E445-474B-A670-B8763666E780}.Release|Win32.ActiveCfg = Release|Win32
		{E90E2D40-E445-474B-A670-B8763666E780}.Release|Win32.Build.0 = Release|Win32
		{E90E2D40-E445-474B-A670-B8763666E780}.Release|x64.ActiveCfg = Release|x64
		{E90E2D40-E445-474B-A670-B8763666E780}.Release|x64.Build.0 = Release|x64
		{E90E2D40-E445-474B-A670-B8763666E780}.ReleaseGL4|Win32.ActiveCfg = Release|Win32
		{E90E2D40-E445-474B-A670-B8763666E780}.ReleaseGL4|Win32.Build.0 = Release|Win32
		{E90E2D40-E445-474B-A670-B8763666E780}.ReleaseGL4|x64.ActiveCfg = Release|x64
		{E90E2D40-E445-474B-A670-B8763666E780}.ReleaseGL4|x64.Build.0 = Release|x64
		{5FFAC134-DA47-4305-9BC7-795E48B682F9}.Debug|Win32.ActiveCfg = Debug|Win32
		{5FFAC134-DA47-4305-9BC7-795E48B682F9}.Debug|Win32.Build.0 = Debug|Win32
		{5FFAC134-DA47-4305-9BC7-795E48B682F9}.Debug|x64.ActiveCfg = Debug|x64
		{5FFAC134-DA47-4305-9BC7-795E48B682F9}.Debug|x64.Build.0 = Debug|x64
		{5FFAC134-DA47-4305-9BC7-795E48B682F9}.DebugGL4|Win32.ActiveCfg = Debug|Win32
		{5FFAC134-DA47-4305-9BC7-795E48B682F9}.DebugGL4|Win32.Build.0 = Debug|Win32
		{5FFAC134-DA47-4305-9BC7-795E48B682F9}.DebugGL4|x64.ActiveCfg = Debug|x64
		{5FFAC134-DA47-4305-9BC7-795E48B682F9}.DebugGL4|x64.Build.0 = Debug|x64
		{5FFAC134-DA47-4305-9BC7-795E48B682F9}.Release|Win32.ActiveCfg = Release|Win32
		{5FFAC134-DA47-4305-9BC7-795E48B682F9}.Release|Win32.Build.0 = Release|Win32
		{5FFAC134-DA47-4305-9BC7-795E48B682F9}.Release|x64.ActiveCfg = Release|x64
		{5FFAC134-DA47-4305-9BC7-795E48B682F9}.Release|x64.Build.0 = Release|x64
		{5FFAC134-DA47-4305-9BC7-795E48B682F9}.ReleaseGL4|Win32.ActiveCfg = Release|Win32
		{5FFAC134-DA47-4305-9BC7-795E48B682F9}.ReleaseGL4|Win32.Build.0 = Release|Win32
		{5FFAC134-DA47-4305-9BC7-795E48B682F9}.ReleaseGL4|x64.ActiveCfg = Release|x64
		{5FFAC134-DA47-4305-9BC7-795E48B682F9}.ReleaseGL4|x64.Build.0 = Release|x64
		{9DA82294-E625-417A-BE90-3F3098CAB117}.Debug|Win32.ActiveCfg = Debug|Win32
		{9DA82294-E625-417A-BE90-3F3098CAB117}.Debug|Win32.Build.0 = Debug|Win32
		{9DA82294-E625-417A-BE90-3F3098CAB117}.Debug|x64.ActiveCfg = Debug|x64
		{9DA82294-E625-417A-BE90-3F3098CAB117}.Debug|x64.Build.0 = Debug|x64
		{9DA82294-E625-417A-BE90-3F3098CAB117}.DebugGL4|Win32.ActiveCfg = Debug|Win32
		{9DA82294-E625-417A-BE90-3F3098CAB117}.DebugGL4|Win32.Build.0 = Debug|Win32
		{9DA82294-E625-417A-BE90-3F3098CAB117}.DebugGL4|x64.ActiveCfg = Debug|x64
		{9DA82294-E625-417A-BE90-3F3098CAB117}.DebugGL4|x64.Build.0 = Debug|x64
		{9DA82294-E625-417A-BE90-3F3098CAB117}.Release|Win32.ActiveCfg = Release|Win32
		{9DA82294-E625-417A-BE90-3F3098CAB117}.Release|Win32.Build.0 = Release|Win32
		{9DA82294-E625-417A-BE90-3F3098CAB117}.Release|x64.ActiveCfg = Release|x64
		{9DA82294-E625-417A-BE90-3F3098CAB117}.Release|x64.Build.0 = Release|x64
		{9DA82294-E625-417A-BE90-3F3098CAB117}.ReleaseGL4|Win32.ActiveCfg = Release|Win32
		{9DA82294-E625-417A-BE90-3F3098CAB117}.ReleaseGL4|Win32.Build.0 = Release|Win32
		{9DA82294-E625-417A-BE90-3F3098CAB117}.ReleaseGL4|x64.ActiveCfg = Release|x64
		{9DA82294-E625-417A-BE90-3F3098CAB117}.ReleaseGL4|x64.Build.0 = Release|x64
		{5D8657A2-700E-4263-B18D-0282F4762526}.Debug|Win32.ActiveCfg = Debug|Win32
		{5D8657A2-700E-4263-B18D-0282F4762526}.Debug|Win32.Build.0 = Debug|Win32
		{5D8657A2-700E-4263-B18D-0282F4762526}.Debug|x64.ActiveCfg = Debug|x64
		{5D8657A2-700E-4263-B18D-0282F4762526}.Debug|x64.Build.0 = Debug|x64
		{5D8657A2-700E-4263-B18D-0282F4762526}.DebugGL4|Win32.ActiveCfg = Debug|Win32
		{5D8657A2-700E-4263-B18D-0282F4762526}.DebugGL4|Win32.Build.0 = Debug|Win32
		{5D8657A2-700E-4263-B18D-0282F4762526}.DebugGL4|x64.ActiveCfg = Debug|x64
		{5D8657A2-700E-4263-B18D-0282F4762526}.DebugGL4|x64.Build.0 = Debug|x64
		{5D8657A2-700E-4263-B18D-0282F4762526}.Release|Win32.ActiveCfg = Release|Win32
		{5D8657A2-700E-4263-B18D-0282F4762526}.Release|Win32.Build.0 = Release|Win32
		{5D8657A2-700E-4263-B18D-0282F4762526}.Release|x64.ActiveCfg = Release|x64
		{5D8657A2-700E-4263-B18D-0282F4762526}.Release|x64.Build.0 = Release|x64
		{5D8657A2-700E-4263-B18D-0282F4762526}.ReleaseGL4|Win32.ActiveCfg = Release|Win32
		{5D8657A2-700E-4263-B18D-0282F4762526}.ReleaseGL4|Win32.Build.0 = Release|Win32
		{5D8657A2-700E-4263-B18D-0282F4762526}.ReleaseGL4|x64.ActiveCfg = Release|x64
		{5D8657A2-700E-4263-B18D-0282F4762526}.ReleaseGL4|x64.Build.0 = Release|x64
		{F85AB09D-B9EF-4CD3-BA6F-62A592E1A939}.Debug|Win32.ActiveCfg = Debug|Win32
		{F85AB09D-B9EF-4CD3-BA6F-62A592E1A939}.Debug|Win32.Build.0 = Debug|Win32
		{F85AB09D-B9EF-4CD3-BA6F-62A592E1A939}.Debug|x64.ActiveCfg = Debug|x64
		{F85AB09D-B9EF-4CD3-BA6F-62A592E1A939}.Debug|x64.Build.0 = Debug|x64
		{F85AB09D-B9EF-4CD3-BA6F-62A592E1A939}.DebugGL4|Win32.ActiveCfg = Debug|Win32
		{F85AB09D-B9EF-4CD3-BA6F-62A592E1A939}.DebugGL4|Win32.Build.0 = Debug|Win32
		{F85AB09D-B9EF-4CD3-BA6F-62A592E1A939}.DebugGL4|x64.ActiveCfg = Debug|x64
		{F85AB09D-B9EF-4CD3-BA6F-62A592E1A939}.DebugGL4|x64.Build.0 = Debug|x64
		{F85AB09D-B9EF-4CD3-BA6F-62A592E1A939}.Release|Win32.ActiveCfg = Release|Win32
		{F85AB09D-B9EF-4CD3-BA6F-62A592E1A939}.Release|Win32.Build.0 = Release|Win32
		{F85AB09D-B9EF-4CD3-BA6F-62A592E1A939}.Release|x64.ActiveCfg = Release|x64
		{F85AB09D-B9EF-4CD3-BA6F-62A592E1A939}.Release|x64.Build.0 = Release|x64
		{F85AB09D-B9EF-4CD3-BA6F-62A592E1A939}.ReleaseGL4|Win32.ActiveCfg = Release|Win32
		{F85AB09D-B9EF-4CD3-BA6F-62A592E1A939}.ReleaseGL4|Win32.Build.0 = Release|Win32
		{F85AB09D-B9EF-4CD3-BA6F-62A592E1A939}.ReleaseGL4|x64.ActiveCfg = Release|x64
		{F85AB09D-B9EF-4CD3-BA6F-62A592E1A939}.ReleaseGL4|x64.Build.0 = Release|x64
		{4810E9AE-A188-435F-9170-56872ED187A4}.Debug|Win32.ActiveCfg = Debug|Win32
		{4810E9AE-A188-435F-9170-56872ED187A4}.Debug|Win32.Build.0 = Debug|Win32
		{4810E9AE-A188-435F-9170-56872ED187A4}.Debug|x64.ActiveCfg = Debug|x64
		{4810E9AE-A188-435F-9170-56872ED187A4}.Debug|x64.Build.0 = Debug|x64
		{4810E9AE-A188-435F-9170-56872ED187A4}.DebugGL4|Win32.ActiveCfg = Debug|Win32
		{4810E9AE-A188-435F-9170-56872ED187A4}.DebugGL4|Win32.Build.0 = Debug|Win32
		{4810E9AE-A188-435F-9170-56872ED187A4}.DebugGL4|x64.ActiveCfg = Debug|x64
		{4810E9AE-A188-435F-9170-56872ED187A4}.DebugGL4|x64.Build.0 = Debug|x64
		{4810E9AE-A188-435F-9170-56872ED187A4}.Release|Win32.ActiveCfg = Release|Win32
		{4810E9AE-A188-435F-9170-56872ED187A4}.Release|Win32.Build.0 = Release|Win32
		{4810E9AE-A188-435F-9170-56872ED187A4}.Release|x64.ActiveCfg = Release|x64
		{4810E9AE-A188-435F-9170-56872ED187A4}.Release|x64.Build.0 = Release|x64
		{4810E9AE-A188-435F-9170-56872ED187A4}.ReleaseGL4|Win32.ActiveCfg = Release|Win32
		{4810E9AE-A188-435F-9170-56872ED187A4}.ReleaseGL4|Win32.Build.0 = Release|Win32
		{4810E9AE-A188-435F-9170-56872ED187A4}.ReleaseGL4|x64.ActiveCfg = Release|x64
		{4810E9AE-A188-435F-9170-56872ED187A4}.ReleaseGL4|x64.Build.0 = Release|x64
		{0CD2507F-1B5A-4258-B341-314DD2601400}.Debug|Win32.ActiveCfg = Debug|Win32
		{0CD2507F-1B5A-4258-B341-314DD2601400}.Debug|Win32.Build.0 = Debug|Win32
		{0CD2507F-1B5A-4258-B341-314DD2601400}.Debug|x64.ActiveCfg = Debug|x64
		{0CD2507F-1B5A-4258-B341-314DD2601400}.Debug|x64.Build.0 = Debug|x64
		{0CD2507F-1B5A-4258-B341-314DD2601400}.DebugGL4|Win32.ActiveCfg = Debug|Win32
		{0CD2507F-1B5A-4258-B341-314DD2601400}.DebugGL4|Win32.Build.0 = Debug|Win32
		{0CD2507F-1B5A-4258-B341-314DD2601400}.DebugGL4|x64.ActiveCfg = Debug|x64
		{0CD2507F-1B5A-4258-B341-314DD2601400}.DebugGL4|x64.Build.0 = Debug|x64
		{0CD2507F-1B5A-4258-B341-314DD2601400}.Release|Win32.ActiveCfg = Release|Win32
		{0CD2507F-1B5A-4258-B341-314DD2601400}.Release|Win32.Build.0 = Release|Win32
		{0CD2507F-1B5A-4258-B341-314DD2601400}.Release|x64.ActiveCfg = Release|x64
		{0CD2507F-1B5A-4258-B341-314DD2601400}.Release|x64.Build.0 = Release|x64
		{0CD2507F-1B5A-4258-B341-314DD2601400}.ReleaseGL4|Win32.ActiveCfg = Release|Win32
		{0CD2507F-1B5A-4258-B341-314DD2601400}.ReleaseGL4|Win32.Build.0 = Release|Win32
		{0CD2507F-1B5A-4258-B341-314DD2601400}.ReleaseGL4|x64.ActiveCfg = Release|x64
		{0CD2507F-1B5A-4258-B341-314DD2601400}.ReleaseGL4|x64.Build.0 = Release|x64
		{F9ED6B8C-1153-4EC7-92BC-5E4F696580EE}.Debug|Win32.ActiveCfg = Debug|Win32
		{F9ED6B8C-1153-4EC7-92BC-5E4F696580EE}.Debug|Win32.Build.0 = Debug|Win32
		{F9ED6B8C-1153-4EC7-92BC-5E4F696580EE}.Debug|x64.ActiveCfg = Debug|x64
		{F9ED6B8C-1153-4EC7-92BC-5E4F696580EE}.Debug|x64.Build.0 = Debug|x64
		{F9ED6B8C-1153-4EC7-92BC-5E4F696580EE}.DebugGL4|Win32.ActiveCfg = Debug|Win32
		{F9ED6B8C-1153-4EC7-92BC-5E4F696580EE}.DebugGL4|Win32.Build.0 = Debug|Win32
		{F9ED6B8C-1153-4EC7-92BC-5E4F696580EE}.DebugGL4|x64.ActiveCfg = Debug|x64
		{F9ED6B8C-1153-4EC7-92BC-5E4F696580EE}.DebugGL4|x64.Build.0 = Debug|x64
		{F9ED6B8C-1153-4EC7-92BC-5E4F696580EE}.Release|Win32.ActiveCfg = Release|Win32
		{F9ED6B8C-1153-4EC7-92BC-5E4F696580EE}.Release|Win32.Build.0 = Release|Win32
		{F9ED6B8C-1153-4EC7-92BC-5E4F696580EE}.Release|x64.ActiveCfg = Release|x64
		{F9ED6B8C-1153-4EC7-92BC-5E4F696580EE}.Release|x64.Build.0 = Release|x64
		{F9ED6B8C-1153-4EC7-92BC-5E4F696580EE}.ReleaseGL4|Win32.ActiveCfg = Release|Win32
		{F9ED6B8C-1153-4EC7-92BC-5E4F696580EE}.ReleaseGL4|Win32.Build.0 = Release|Win32
		{F9ED6B8C-1153-4EC7-92BC-5E4F696580EE}.ReleaseGL4|x64.ActiveCfg = Release|x64
		{F9ED6B8C-1153-4EC7-92BC-5E4F696580EE}.ReleaseGL4|x64.Build.0 = Release|x64
		{A012AB52-6E7E-4F41-A96D-4DA1BD0CE2E8}.Debug|Win32.ActiveCfg = Debug|Win32
		{A012AB52-6E7E-4F41-A96D-4DA1BD0CE2E8}.Debug|Win32.Build.0 = Debug|Win32
		{A012AB52-6E7E-4F41-A96D-4DA1BD0CE2E8}.Debug|x64.ActiveCfg = Debug|x64
		{A012AB52-6E7E-4F41-A96D-4DA1BD0CE2E8}.Debug|x64.Build.0 = Debug|x64
		{A012AB52-6E7E-4F41-A96D-4DA1BD0CE2E8}.DebugGL4|Win32.ActiveCfg = Debug|Win32
		{A012AB52-6E7E-4F41-A96D-4DA1BD0CE2E8}.DebugGL4|Win32.Build.0 = Debug|Win32
		{A012AB52-6E7E-4F41-A96D-4DA1BD0CE2E8}.DebugGL4|x64.ActiveCfg = Debug|x64
		{A012AB52-6E7E-4F41-A96D-4DA1BD0CE2E8}.DebugGL4|x64.Build.0 = Debug|x64
		{A012AB52-6E7E-4F41-A96D-4DA1BD0CE2E8}.Release|Win32.ActiveCfg = Release|Win32
		{A012AB52-6E7E-4F41-A96D-4DA1BD0CE2E8}.Release|Win32.Build.0 = Release|Win32
		{A012AB52-6E7E-4F41-A96D-4DA1BD0CE2E8}.Release|x64.ActiveCfg = Release|x64
		{A012AB52-6E7E-4F41-A96D-4DA1BD0CE2E8}.Release|x64.Build.0 = Release|x64
		{A012AB52-6E7E-4F41-A96D-4DA1BD0CE2E8}.ReleaseGL4|Win32.ActiveCfg = Release|Win32
		{A012AB52-6E7E-4F41-A96D-4DA1BD0CE2E8}.ReleaseGL4|Win32.Build.0 = Release|Win32
		{A012AB52-6E7E-4F41-A96D-4DA1BD0CE2E8}.ReleaseGL4|x64.ActiveCfg = Release|x64
		{A012AB52-6E7E-4F41-A96D-4DA1BD0CE2E8}.ReleaseGL4|x64.Build.0 = Release|x64
		{ABD0A2AA-E69B-406E-ACC4-3C83ADD0E119}.Debug|Win32.ActiveCfg = Debug|Win32
		{ABD0A2AA-E69B-406E-ACC4-3C83ADD0E119}.Debug|Win32.Build.0 = Debug|Win32
		{ABD0A2AA-E69B-406E-ACC4-3C83ADD0E119}.Debug|x64.ActiveCfg = Debug|x64
		{ABD0A2AA-E69B-406E-ACC4-3C83ADD0E119}.Debug|x64.Build.0 = Debug|x64
		{ABD0A2AA-E69B-406E-ACC4-3C83ADD0E119}.DebugGL4|Win32.ActiveCfg = Debug|Win32
		{ABD0A2AA-E69B-406E-ACC4-3C83ADD0E119}.DebugGL4|Win32.Build.0 = Debug|Win32
		{ABD0A2AA-E69B-406E-ACC4-3C83ADD0E119}.DebugGL4|x64.ActiveCfg = Debug|x64
		{ABD0A2AA-E69B-406E-ACC4-3C83ADD0E119}.DebugGL4|x64.Build.0 = Debug|x64
		{ABD0A2AA-E69B-406E-ACC4-3C83ADD0E119}.Release|Win32.ActiveCfg = Release|Win32
		{ABD0A2AA-E69B-406E-ACC4-3C83ADD0E119}.Release|Win32.Build.0 = Release|Win32
		{ABD0A2AA-E69B-406E-ACC4-3C83ADD0E119}.Release|x64.ActiveCfg = Release|x64
		{ABD0A2AA-E69B-406E-ACC4-3C83ADD0E119}.Release|x64.Build.0 = Release|x64
		{ABD0A2AA-E69B-406E-ACC4-3C83ADD0E119}.ReleaseGL4|Win32.ActiveCfg = Release|Win32
		{ABD0A2AA-E69B-406E-ACC4-3C83ADD0E119}.ReleaseGL4|Win32.Build.0 = Release|Win32
		{ABD0A2AA-E69B-406E-ACC4-3C83ADD0E119}.ReleaseGL4|x64.ActiveCfg = Release|x64
		{ABD0A2AA-E69B-406E-ACC4-3C83ADD0E119}.ReleaseGL4|x64.Build.0 = Release|x64
		{1DE0B549-BF0F-4AE8-AE1B-E62607CE6106}.Debug|Win32.ActiveCfg = Debug|Win32
		{1DE0B549-BF0F-4AE8-AE1B-E62607CE6106}.Debug|Win32.Build.0 = Debug|Win32
		{1DE0B549-BF0F-4AE8-AE1B-E62607CE6106}.Debug|x64.ActiveCfg = Debug|x64
		{1DE0B549-BF0F-4AE8-AE1B-E62607CE6106}.Debug|x64.Build.0 = Debug|x64
		{1DE0B549-BF0F-4AE8-AE1B-E62607CE6106}.DebugGL4|Win32.ActiveCfg = Debug|Win32
		{1DE0B549-BF0F-4AE8-AE1B-E62607CE6106}.DebugGL4|Win32.Build.0 = Debug|Win32
		{1DE0B549-BF0F-4AE8-AE1B-E62607CE6106}.DebugGL4|x64.ActiveCfg = Debug|x64
		{1DE0B549-BF0F-4AE8-AE1B-E62607CE6106}.DebugGL4|x64.Build.0 = Debug|x64
		{1DE0B549-BF0F-4AE8-AE1B-E62607CE6106}.Release|Win32.ActiveCfg = Release|Win32
		{1DE0B549-BF0F-4AE8-AE1B-E62607CE6106}.Release|Win32.Build.0 = Release|Win32
		{1DE0B549-BF0F-4AE8-AE1B-E62607CE6106}.Release|x64.ActiveCfg = Release|x64
		{1DE0B549-BF0F-4AE8-AE1B-E62607CE6106}.Release|x64.Build.0 = Release|x64
		{1DE0B549-BF0F-4AE8-AE1B-E62607CE6106}.ReleaseGL4|Win32.ActiveCfg = Release|Win32
		{1DE0B549-BF0F-4AE8-AE1B-E62607CE6106}.ReleaseGL4|Win32.Build.0 = Release|Win32
		{1DE0B549-BF0F-4AE8-AE1B-E62607CE6106}.ReleaseGL4|x64.ActiveCfg = Release|x64
		{1DE0B549-BF0F-4AE8-AE1B-E62607CE6106}.ReleaseGL4|x64.Build.0 = Release|x64
		{9AFBC772-AA08-498E-9017-6B7D803B609B}.Debug|Win32.ActiveCfg = Debug|Win32
		{9AFBC772-AA08-498E-9017-6B7D803B609B}.Debug|Win32.Build.0 = Debug|Win32
		{9AFBC772-AA08-498E-9017-6B7D803B609B}.Debug|x64.ActiveCfg = Debug|x64
		{9AFBC772-AA08-498E-9017-6B7D803B609B}.Debug|x64.Build.0 = Debug|x64
		{9AFBC772-AA08-498E-9017-6B7D803B609B}.DebugGL4|Win32.ActiveCfg = Debug|Win32
		{9AFBC772-AA08-498E-9017-6B7D803B609B}.DebugGL4|Win32.Build.0 = Debug|Win32
		{9AFBC772-AA08-498E-9017-6B7D803B609B}.DebugGL4|x64.ActiveCfg = Debug|x64
		{9AFBC772-AA08-498E-9017-6B7D803B609B}.DebugGL4|x64.Build.0 = Debug|x64
		{9AFBC772-AA08-498E-9017-6B7D803B609B}.Release|Win32.ActiveCfg = Release|Win32
		{9AFBC772-AA08-498E-9017-6B7D803B609B}.Release|Win32.Build.0 = Release|Win32
		{9AFBC772-AA08-498E-9017-6B7D803B609B}.Release|x64.ActiveCfg = Release|x64
		{9AFBC772-AA08-498E-9017-6B7D803B609B}.Release|x64.Build.0 = Release|x64
		{9AFBC772-AA08-498E-9017-6B7D803B609B}.ReleaseGL4|Win32.ActiveCfg = Release|Win32
		{9AFBC772-AA08-498E-9017-6B7D803B609B}.ReleaseGL4|Win32.Build.0 = Release|Win32
		{9AFBC772-AA08-498E-9017-6B7D803B609B}.ReleaseGL4|x64.ActiveCfg = Release|x64
		{9AFBC772-AA08-498E-9017-6B7D803B609B}.ReleaseGL4|x64.Build.0 = Release|x64
		{DF49B45A-F195-49A4-88B1-DB40A957A345}.Debug|Win32.ActiveCfg = Debug|Win32
		{DF49B45A-F195-49A4-88B1-DB40A957A345}.Debug|Win32.Build.0 = Debug|Win32
		{DF49B45A-F195-49A4-88B1-DB40A957A345}.Debug|x64.ActiveCfg = Debug|x64
		{DF49B45A-F195-49A4-88B1-DB40A957A345}.Debug|x64.Build.0 = Debug|x64
		{DF49B45A-F195-49A4-88B1-DB40A957A345}.DebugGL4|Win32.ActiveCfg = Debug|Win32
		{DF49B45A-F195-49A4-88B1-DB40A957A345}.DebugGL4|Win32.Build.0 = Debug|Win32
		{DF49B45A-F195-49A4-88B1-DB40A957A345}.DebugGL4|x64.ActiveCfg = Debug|x64
		{DF49B45A-F195-49A4-88B1-DB40A957A345}.DebugGL4|x64.Build.0 = Debug|x64
		{DF49B45A-F195-49A4-88B1-DB40A957A345}.Release|Win32.ActiveCfg = Release|Win32
		{DF49B45A-F195-49A4-88B1-DB40A957A345}.Release|Win32.Build.0 = Release|Win32
		{DF49B45A-F195-49A4-88B1-DB40A957A345}.Release|x64.ActiveCfg = Release|x64
		{DF49B45A-F195-49A4-88B1-DB40A957A345}.Release|x64.Build.0 = Release|x64
		{DF49B45A-F195-49A4-88B1-DB40A957A345}.ReleaseGL4|Win32.ActiveCfg = Release|Win32
		{DF49B45A-F195-49A4-88B1-DB40A957A345}.ReleaseGL4|Win32.Build.0 = Release|Win32
		{DF49B45A-F195-49A4-88B1-DB40A957A345}.ReleaseGL4|x64.ActiveCfg = Release|x64
		{DF49B45A-F195-49A4-88B1-DB40A957A345}.ReleaseGL4|x64.Build.0 = Release|x64
		{72DC98F5-C7B4-4496-B58A-893C364712AD}.Debug|Win32.ActiveCfg = Debug|Win32
		{72DC98F5-C7B4-4496-B58A-893C364712AD}.Debug|Win32.Build.0 = Debug|Win32
		{72DC98F5-C7B4-4496-B58A-893C364712AD}.Debug|x64.ActiveCfg = Debug|x64
		{72DC98F5-C7B4-4496-B58A-893C364712AD}.Debug|x64.Build.0 = Debug|x64
		{72DC98F5-C7B4-4496-B58A-893C364712AD}.DebugGL4|Win32.ActiveCfg = Debug|Win32
		{72DC98F5-C7B4-4496-B58A-893C364712AD}.DebugGL4|Win32.Build.0 = Debug|Win32
		{72DC98F5-C7B4-4496-B58A-893C364712AD}.DebugGL4|x64.ActiveCfg = Debug|x64
		{72DC98F5-C7B4-4496-B58A-893C364712AD}.DebugGL4|x64.Build.0 = Debug|x64
		{72DC98F5-C7B4-4496-B58A-893C364712AD}.Release|Win32.ActiveCfg = Release|Win32
		{72DC98F5-C7B4-4496-B58A-893C364712AD}.Release|Win32.Build.0 = Release|Win32
		{72DC98F5-C7B4-4496-B58A-893C364712AD}.Release|x64.ActiveCfg = Release|x64
		{72DC98F5-C7B4-4496-B58A-893C364712AD}.Release|x64.Build.0 = Release|x64
		{72DC98F5-C7B4-4496-B58A-893C364712AD}.ReleaseGL4|Win32.ActiveCfg = Release|Win32
		{72DC98F5-C7B4-4496-B58A-893C364712AD}.ReleaseGL4|Win32.Build.0 = Release|Win32
		{72DC98F5-C7B4-4496-B58A-893C364712AD}.ReleaseGL4|x64.ActiveCfg = Release|x64
		{72DC98F5-C7B4-4496-B58A-893C364712AD}.ReleaseGL4|x64.Build.0 = Release|x64
		{5F08D66E-C81F-44AE-A99E-A8B80AAF08EB}.Debug|Win32.ActiveCfg = Debug|Win32
		{5F08D66E-C81F-44AE-A99E-A8B80AAF08EB}.Debug|Win32.Build.0 = Debug|Win32
		{5F08D66E-C81F-44AE-A99E-A8B80AAF08EB}.Debug|x64.ActiveCfg = Debug|x64
		{5F08D66E-C81F-44AE-A99E-A8B80AAF08EB}.Debug|x64.Build.0 = Debug|x64
		{5F08D66E-C81F-44AE-A99E-A8B80AAF08EB}.DebugGL4|Win32.ActiveCfg = Debug|Win32
		{5F08D66E-C81F-44AE-A99E-A8B80AAF08EB}.DebugGL4|Win32.Build.0 = Debug|Win32
		{5F08D66E-C81F-44AE-A99E-A8B80AAF08EB}.DebugGL4|x64.ActiveCfg = Debug|x64
		{5F08D66E-C81F-44AE-A99E-A8B80AAF08EB}.DebugGL4|x64.Build.0 = Debug|x64
		{5F08D66E-C81F-44AE-A99E-A8B80AAF08EB}.Release|Win32.ActiveCfg = Release|Win32
		{5F08D66E-C81F-44AE-A99E-A8B80AAF08EB}.Release|Win32.Build.0 = Release|Win32
		{5F08D66E-C81F-44AE-A99E-A8B80AAF08EB}.Release|x64.ActiveCfg = Release|x64
		{5F08D66E-C81F-44AE-A99E-A8B80AAF08EB}.Release|x64.Build.0 = Release|x64
		{5F08D66E-C81F-44AE-A99E-A8B80AAF08EB}.ReleaseGL4|Win32.ActiveCfg = Release|Win32
		{5F08D66E-C81F-44AE-A99E-A8B80AAF08EB}.ReleaseGL4|Win32.Build.0 = Release|Win32
		{5F08D66E-C81F-44AE-A99E-A8B80AAF08EB}.ReleaseGL4|x64.ActiveCfg = Release|x64
		{5F08D66E-C81F-44AE-A99E-A8B80AAF08EB}.ReleaseGL4|x64.Build.0 = Release|x64
		{EECE8B05-C494-45B9-80F4-724DD00FE521}.Debug|Win32.ActiveCfg = Debug|Win32
		{EECE8B05-C494-45B9-80F4-724DD00FE521}.Debug|Win32.Build.0 = Debug|Win32
		{EECE8B05-C494-45B9-80F4-724DD00FE521}.Debug|x64.ActiveCfg = Debug|x64
		{EECE8B05-C494-45B9-80F4-724DD00FE521}.Debug|x64.Build.0 = Debug|x64
		{EECE8B05-C494-45B9-80F4-724DD00FE521}.DebugGL4|Win32.ActiveCfg = Debug|Win32
		{EECE8B05-C494-45B9-80F4-724DD00FE521}.DebugGL4|Win32.Build.0 = Debug|Win32
		{EECE8B05-C494-45B9-80F4-724DD00FE521}.DebugGL4|x64.ActiveCfg = Debug|x64
		{EECE8B05-C494-45B9-80F4-724DD00FE521}.DebugGL4|x64.Build.0 = Debug|x64
		{EECE8B05-C494-45B9-80F4-724DD00FE521}.Release|Win32.ActiveCfg = Release|Win32
		{EECE8B05-C494-45B9-80F4-724DD00FE521}.Release|Win32.Build.0 = Release|Win32
		{EECE8B05-C494-45B9-80F4-724DD00FE521}.Release|x64.ActiveCfg = Release|x64
		{EECE8B05-C494-45B9-80F4-724DD00FE521}.Release|x64.Build.0 = Release|x64
		{EECE8B05-C494-45B9-80F4-724DD00FE521}.ReleaseGL4|Win32.ActiveCfg = Release|Win32
		{EECE8B05-C494-45B9-80F4-724DD00FE521}.ReleaseGL4|Win32.Build.0 = Release|Win32
		{EECE8B05-C494-45B9-80F4-724DD00FE521}.ReleaseGL4|x64.ActiveCfg = Release|x64
		{EECE8B05-C494-45B9-80F4-724DD00FE521}.ReleaseGL4|x64.Build.0 = Release|x64
		{A86791A9-B377-46DD-A683-21AD1C0DED01}.Debug|Win32.ActiveCfg = Debug|Win32
		{A86791A9-B377-46DD-A683-21AD1C0DED01}.Debug|Win32.Build.0 = Debug|Win32
		{A86791A9-B377-46DD-A683-21AD1C0DED01}.Debug|x64.ActiveCfg = Debug|x64
		{A86791A9-B377-46DD-A683-21AD1C0DED01}.Debug|x64.Build.0 = Debug|x64
		{A86791A9-B377-46DD-A683-21AD1C0DED01}.DebugGL4|Win32.ActiveCfg = Debug|Win32
		{A86791A9-B377-46DD-A683-21AD1C0DED01}.DebugGL4|Win32.Build.0 = Debug|Win32
		{A86791A9-B377-46DD-A683-21AD1C0DED01}.DebugGL4|x64.ActiveCfg = Debug|x64
		{A86791A9-B377-46DD-A683-21AD1C0DED01}.DebugGL4|x64.Build.0 = Debug|x64
		{A86791A9-B377-46DD-A683-21AD1C0DED01}.Release|Win32.ActiveCfg = Release|Win32
		{A86791A9-B377-46DD-A683-21AD1C0DED01}.Release|Win32.Build.0 = Release|Win32
		{A86791A9-B377-46DD-A683-21AD1C0DED01}.Release|x64.ActiveCfg = Release|x64
		{A86791A9-B377-46DD-A683-21AD1C0DED01}.Release|x64.Build.0 = Release|x64
		{A86791A9-B377-46DD-A683-21AD1C0DED01}.ReleaseGL4|Win32.ActiveCfg = Release|Win32
		{A86791A9-B377-46DD-A683-21AD1C0DED01}.ReleaseGL4|Win32.Build.0 = Release|Win32
		{A86791A9-B377-46DD-A683-21AD1C0DED01}.ReleaseGL4|x64.ActiveCfg = Release|x64
		{A86791A9-B377-46DD-A683-21AD1C0DED01}.ReleaseGL4|x64.Build.0 = Release|x64
		{5B7710D5-AD21-4860-99DF-1D192B2054BD}.Debug|Win32.ActiveCfg = Debug|Win32
		{5B7710D5-AD21-4860-99DF-1D192B2054BD}.Debug|Win32.Build.0 = Debug|Win32
		{5B7710D5-AD21-4860-99DF-1D192B2054BD}.Debug|x64.ActiveCfg = Debug|x64
		{5B7710D5-AD21-4860-99DF-1D192B2054BD}.Debug|x64.Build.0 = Debug|x64
		{5B7710D5-AD21-4860-99DF-1D192B2054BD}.DebugGL4|Win32.ActiveCfg = Debug|Win32
		{5B7710D5-AD21-4860-99DF-1D192B2054BD}.DebugGL4|Win32.Build.0 = Debug|Win32
		{5B7710D5-AD21-4860-99DF-1D192B2054BD}.DebugGL4|x64.ActiveCfg = Debug|x64
		{5B7710D5-AD21-4860-99DF-1D192B2054BD}.DebugGL4|x64.Build.0 = Debug|x64
		{5B7710D5-AD21-4860-99DF-1D192B2054BD}.Release|Win32.ActiveCfg = Release|Win32
		{5B7710D5-AD21-4860-99DF-1D192B2054BD}.Release|Win32.Build.0 = Release|Win32
		{5B7710D5-AD21-4860-99DF-1D192B2054BD}.Release|x64.ActiveCfg = Release|x64
		{5B7710D5-AD21-4860-99DF-1D192B2054BD}.Release|x64.Build.0 = Release|x64
		{5B7710D5-AD21-4860-99DF-1D192B2054BD}.ReleaseGL4|Win32.ActiveCfg = Release|Win32
		{5B7710D5-AD21-4860-99DF-1D192B2054BD}.ReleaseGL4|Win32.Build.0 = Release|Win32
		{5B7710D5-AD21-4860-99DF-1D192B2054BD}.ReleaseGL4|x64.ActiveCfg = Release|x64
		{5B7710D5-AD21-4860-99DF-1D192B2054BD}.ReleaseGL4|x64.Build.0 = Release|x64
		{9F26FBBB-F803-41DB-8E96-9064F2F7BA12}.Debug|Win32.ActiveCfg = Debug|Win32
		{9F26FBBB-F803-41DB-8E96-9064F2F7BA12}.Debug|Win32.Build.0 = Debug|Win32
		{9F26FBBB-F803-41DB-8E96-9064F2F7BA12}.Debug|x64.ActiveCfg = Debug|x64
		{9F26FBBB-F803-41DB-8E96-9064F2F7BA12}.Debug|x64.Build.0 = Debug|x64
		{9F26FBBB-F803-41DB-8E96-9064F2F7BA12}.DebugGL4|Win32.ActiveCfg = Debug|Win32
		{9F26FBBB-F803-41DB-8E96-9064F2F7BA12}.DebugGL4|Win32.Build.0 = Debug|Win32
		{9F26FBBB-F803-41DB-8E96-9064F2F7BA12}.DebugGL4|x64.ActiveCfg = Debug|x64
		{9F26FBBB-F803-41DB-8E96-9064F2F7BA12}.DebugGL4|x64.Build.0 = Debug|x64
		{9F26FBBB-F803-41DB-8E96-9064F2F7BA12}.Release|Win32.ActiveCfg = Release|Win32
		{9F26FBBB-F803-41DB-8E96-9064F2F7BA12}.Release|Win32.Build.0 = Release|Win32
		{9F26FBBB-F803-41DB-8E96-9064F2F7BA12}.Release|x64.ActiveCfg = Release|x64
		{9F26FBBB-F803-41DB-8E96-9064F2F7BA12}.Release|x64.Build.0 = Release|x64
		{9F26FBBB-F803-41DB-8E96-9064F2F7BA12}.ReleaseGL4|Win32.ActiveCfg = Release|Win32
		{9F26FBBB-F803-41DB-8E96-9064F2F7BA12}.ReleaseGL4|Win32.Build.0 = Release|Win32
		{9F26FBBB-F803-41DB-8E96-9064F2F7BA12}.ReleaseGL4|x64.ActiveCfg = Release|x64
		{9F26FBBB-F803-41DB-8E96-9064F2F7BA12}.ReleaseGL4|x64.Build.0 = Release|x64
		{EFDA25F0-22DF-4D86-95F1-88621A5A8899}.Debug|Win32.ActiveCfg = Debug|Win32
		{EFDA25F0-22DF-4D86-95F1-88621A5A8899}.Debug|Win32.Build.0 = Debug|Win32
		{EFDA25F0-22DF-4D86-95F1-88621A5A8899}.Debug|x64.ActiveCfg = Debug|x64
		{EFDA25F0-22DF-4D86-95F1-88621A5A8899}.Debug|x64.Build.0 = Debug|x64
		{EFDA25F0-22DF-4D86-95F1-88621A5A8899}.DebugGL4|Win32.ActiveCfg = Debug|Win32
		{EFDA25F0-22DF-4D86-95F1-88621A5A8899}.DebugGL4|Win32.Build.0 = Debug|Win32
		{EFDA25F0-22DF-4D86-95F1-88621A5A8899}.DebugGL4|x64.ActiveCfg = Debug|x64
		{EFDA25F0-22DF-4D86-95F1-88621A5A8899}.DebugGL4|x64.Build.0 = Debug|x64
		{EFDA25F0-22DF-4D86-95F1-88621A5A8899}.Release|Win32.ActiveCfg = Release|Win32
		{EFDA25F0-22DF-4D86-95F1-88621A5A8899}.Release|Win32.Build.0 = Release|Win32
		{EFDA25F0-22DF-4D86-95F1-88621A5A8899}.Release|x64.ActiveCfg = Release|x64
		{EFDA25F0-22DF-4D86-95F1-88621A5A8899}.Release|x64.Build.0 = Release|x64
		{EFDA25F0-22DF-4D86-95F1-88621A5A8899}.ReleaseGL4|Win32.ActiveCfg = Release|Win32
		{EFDA25F0-22DF-4D86-95F1-88621A5A8899}.ReleaseGL4|Win32.Build.0 = Release|Win32
		{EFDA25F0-22DF-4D86-95F1-88621A5A8899}.ReleaseGL4|x64.ActiveCfg = Release|x64
		{EFDA25F0-22DF-4D86-95F1-88621A5A8899}.ReleaseGL4|x64.Build.0 = Release|x64
		{52275A7E-32E7-4665-9BE4-44542263B4DA}.Debug|Win32.ActiveCfg = Debug|Win32
		{52275A7E-32E7-4665-9BE4-44542263B4DA}.Debug|Win32.Build.0 = Debug|Win32
		{52275A7E-32E7-4665-9BE4-44542263B4DA}.Debug|x64.ActiveCfg = Debug|x64
		{52275A7E-32E7-4665-9BE4-44542263B4DA}.Debug|x64.Build.0 = Debug|x64
		{52275A7E-32E7-4665-9BE4-44542263B4DA}.DebugGL4|Win32.ActiveCfg = Debug|Win32
		{52275A7E-32E7-4665-9BE4-44542263B4DA}.DebugGL4|Win32.Build.0 = Debug|Win32
		{52275A7E-32E7-4665-9BE4-44542263B4DA}.DebugGL4|x64.ActiveCfg = Debug|x64
		{52275A7E-32E7-4665-9BE4-44542263B4DA}.DebugGL4|x64.Build.0 = Debug|x64
		{52275A7E-32E7-4665-9BE4-44542263B4DA}.Release|Win32.ActiveCfg = Release|Win32
		{52275A7E-32E7-4665-9BE4-44542263B4DA}.Release|Win32.Build.0 = Release|Win32
		{52275A7E-32E7-4665-9BE4-44542263B4DA}.Release|x64.ActiveCfg = Release|x64
		{52275A7E-32E7-4665-9BE4-44542263B4DA}.Release|x64.Build.0 = Release|x64
		{52275A7E-32E7-4665-9BE4-44542263B4DA}.ReleaseGL4|Win32.ActiveCfg = Release|Win32
		{52275A7E-32E7-4665-9BE4-44542263B4DA}.ReleaseGL4|Win32.Build.0 = Release|Win32
		{52275A7E-32E7-4665-9BE4-44542263B4DA}.ReleaseGL4|x64.ActiveCfg = Release|x64
		{52275A7E-32E7-4665-9BE4-44542263B4DA}.ReleaseGL4|x64.Build.0 = Release|x64
		{7B3F248B-E56C-441B-AF0D-EBF9C3356E9F}.Debug|Win32.ActiveCfg = Debug|Win32
		{7B3F248B-E56C-441B-AF0D-EBF9C3356E9F}.Debug|Win32.Build.0 = Debug|Win32
		{7B3F248B-E56C-441B-AF0D-EBF9C3356E9F}.Debug|x64.ActiveCfg = Debug|x64
		{7B3F248B-E56C-441B-AF0D-EBF9C3356E9F}.Debug|x64.Build.0 = Debug|x64
		{7B3F248B-E56C-441B-AF0D-EBF9C3356E9F}.DebugGL4|Win32.ActiveCfg = Debug|Win32
		{7B3F248B-E56C-441B-AF0D-EBF9C3356E9F}.DebugGL4|Win32.Build.0 = Debug|Win32
		{7B3F248B-E56C-441B-AF0D-EBF9C3356E9F}.DebugGL4|x64.ActiveCfg = Debug|x64
		{7B3F248B-E56C-441B-AF0D-EBF9C3356E9F}.DebugGL4|x64.Build.0 = Debug|x64
		{7B3F248B-E56C-441B-AF0D-EBF9C3356E9F}.Release|Win32.ActiveCfg = Release|Win32
		{7B3F248B-E56C-441B-AF0D-EBF9C3356E9F}.Release|Win32.Build.0 = Release|Win32
		{7B3F248B-E56C-441B-AF0D-EBF9C3356E9F}.Release|x64.ActiveCfg = Release|x64
		{7B3F248B-E56C-441B-AF0D-EBF9C3356E9F}.Release|x64.Build.0 = Release|x64
		{7B3F248B-E56C-441B-AF0D-EBF9C3356E9F}.ReleaseGL4|Win32.ActiveCfg = Release|Win32
		{7B3F248B-E56C-441B-AF0D-EBF9C3356E9F}.ReleaseGL4|Win32.Build.0 = Release|Win32
		{7B3F248B-E56C-441B-AF0D-EBF9C3356E9F}.ReleaseGL4|x64.ActiveCfg = Release|x64
		{7B3F248B-E56C-441B-AF0D-EBF9C3356E9F}.ReleaseGL4|x64.Build.0 = Release|x64
		{1C6EB0CB-E1D3-4007-A315-E533D6E8E57C}.Debug|Win32.ActiveCfg = Debug|Win32
		{1C6EB0CB-E1D3-4007-A315-E533D6E8E57C}.Debug|Win32.Build.0 = Debug|Win32
		{1C6EB0CB-E1D3-4007-A315-E533D6E8E57C}.Debug|x64.ActiveCfg = Debug|x64
		{1C6EB0CB-E1D3-4007-A315-E533D6E8E57C}.Debug|x64.Build.0 = Debug|x64
		{1C6EB0CB-E1D3-4007-A315-E533D6E8E57C}.DebugGL4|Win32.ActiveCfg = Debug|Win32
		{1C6EB0CB-E1D3-4007-A315-E533D6E8E57C}.DebugGL4|Win32.Build.0 = Debug|Win32
		{1C6EB0CB-E1D3-4007-A315-E533D6E8E57C}.DebugGL4|x64.ActiveCfg = Debug|x64
		{1C6EB0CB-E1D3-4007-A315-E533D6E8E57C}.DebugGL4|x64.Build.0 = Debug|x64
		{1C6EB0CB-E1D3-4007-A315-E533D6E8E57C}.Release|Win32.ActiveCfg = Release|Win32
		{1C6EB0CB-E1D3-4007-A315-E533D6E8E57C}.Release|Win32.Build.0 = Release|Win32
		{1C6EB0CB-E1D3-4007-A315-E533D6E8E57C}.Release|x64.ActiveCfg = Release|x64
		{1C6EB0CB-E1D3-4007-A315-E533D6E8E57C}.Release|x64.Build.0 = Release|x64
		{1C6EB0CB-E1D3-4007-A315-E533D6E8E57C}.ReleaseGL4|Win32.ActiveCfg = Release|Win32
		{1C6EB0CB-E1D3-4007-A315-E533D6E8E57C}.ReleaseGL4|Win32.Build.0 = Release|Win32
		{1C6EB0CB-E1D3-4007-A315-E533D6E8E57C}.ReleaseGL4|x64.ActiveCfg = Release|x64
		{1C6EB0CB-E1D3-4007-A315-E533D6E8E57C}.ReleaseGL4|x64.Build.0 = Release|x64
		{EF8DAC79-E615-4FAA-9C18-0F2ACEAD9E7C}.Debug|Win32.ActiveCfg = Debug|Win32
		{EF8DAC79-E615-4FAA-9C18-0F2ACEAD9E7C}.Debug|Win32.Build.0 = Debug|Win32
		{EF8DAC79-E615-4FAA-9C18-0F2ACEAD9E7C}.Debug|x64.ActiveCfg = Debug|x64
		{EF8DAC79-E615-4FAA-9C18-0F2ACEAD9E7C}.Debug|x64.Build.0 = Debug|x64
		{EF8DAC79-E615-4FAA-9C18-0F2ACEAD9E7C}.DebugGL4|Win32.ActiveCfg = Debug|Win32
		{EF8DAC79-E615-4FAA-9C18-0F2ACEAD9E7C}.DebugGL4|Win32.Build.0 = Debug|Win32
		{EF8DAC79-E615-4FAA-9C18-0F2ACEAD9E7C}.DebugGL4|x64.ActiveCfg = Debug|x64
		{EF8DAC79-E615-4FAA-9C18-0F2ACEAD9E7C}.DebugGL4|x64.Build.0 = Debug|x64
		{EF8DAC79-E615-4FAA-9C18-0F2ACEAD9E7C}.Release|Win32.ActiveCfg = Release|Win32
		{EF8DAC79-E615-4FAA-9C18-0F2ACEAD9E7C}.Release|Win32.Build.0 = Release|Win32
		{EF8DAC79-E615-4FAA-9C18-0F2ACEAD9E7C}.Release|x64.ActiveCfg = Release|x64
		{EF8DAC79-E615-4FAA-9C18-0F2ACEAD9E7C}.Release|x64.Build.0 = Release|x64
		{EF8DAC79-E615-4FAA-9C18-0F2ACEAD9E7C}.ReleaseGL4|Win32.ActiveCfg = Release|Win32
		{EF8DAC79-E615-4FAA-9C18-0F2ACEAD9E7C}.ReleaseGL4|Win32.Build.0 = Release|Win32
		{EF8DAC79-E615-4FAA-9C18-0F2ACEAD9E7C}.ReleaseGL4|x64.ActiveCfg = Release|x64
		{EF8DAC79-E615-4FAA-9C18-0F2ACEAD9E7C}.ReleaseGL4|x64.Build.0 = Release|x64
		{20BE29C7-731D-4816-872B-B4F4BEAB8786}.Debug|Win32.ActiveCfg = Debug|Win32
		{20BE29C7-731D-4816-872B-B4F4BEAB8786}.Debug|Win32.Build.0 = Debug|Win32
		{20BE29C7-731D-4816-872B-B4F4BEAB8786}.Debug|x64.ActiveCfg = Debug|x64
		{20BE29C7-731D-4816-872B-B4F4BEAB8786}.Debug|x64.Build.0 = Debug|x64
		{20BE29C7-731D-4816-872B-B4F4BEAB8786}.DebugGL4|Win32.ActiveCfg = Debug|Win32
		{20BE29C7-731D-4816-872B-B4F4BEAB8786}.DebugGL4|Win32.Build.0 = Debug|Win32
		{20BE29C7-731D-4816-872B-B4F4BEAB8786}.DebugGL4|x64.ActiveCfg = Debug|x64
		{20BE29C7-731D-4816-872B-B4F4BEAB8786}.DebugGL4|x64.Build.0 = Debug|x64
		{20BE29C7-731D-4816-872B-B4F4BEAB8786}.Release|Win32.ActiveCfg = Release|Win32
		{20BE29C7-731D-4816-872B-B4F4BEAB8786}.Release|Win32.Build.0 = Release|Win32
		{20BE29C7-731D-4816-872B-B4F4BEAB8786}.Release|x64.ActiveCfg = Release|x64
		{20BE29C7-731D-4816-872B-B4F4BEAB8786}.Release|x64.Build.0 = Release|x64
		{20BE29C7-731D-4816-872B-B4F4BEAB8786}.ReleaseGL4|Win32.ActiveCfg = Release|Win32
		{20BE29C7-731D-4816-872B-B4F4BEAB8786}.ReleaseGL4|Win32.Build.0 = Release|Win32
		{20BE29C7-731D-4816-872B-B4F4BEAB8786}.ReleaseGL4|x64.ActiveCfg = Release|x64
		{20BE29C7-731D-4816-872B-B4F4BEAB8786}.ReleaseGL4|x64.Build.0 = Release|x64
		{BE797700-FF7F-4CBE-A37D-7BB0A5D88CAD}.Debug|Win32.ActiveCfg = Debug|Win32
		{BE797700-FF7F-4CBE-A37D-7BB0A5D88CAD}.Debug|Win32.Build.0 = Debug|Win32
		{BE797700-FF7F-4CBE-A37D-7BB0A5D88CAD}.Debug|x64.ActiveCfg = Debug|x64
		{BE797700-FF7F-4CBE-A37D-7BB0A5D88CAD}.Debug|x64.Build.0 = Debug|x64
		{BE797700-FF7F-4CBE-A37D-7BB0A5D88CAD}.DebugGL4|Win32.ActiveCfg = Debug|Win32
		{BE797700-FF7F-4CBE-A37D-7BB0A5D88CAD}.DebugGL4|Win32.Build.0 = Debug|Win32
		{BE797700-FF7F-4CBE-A37D-7BB0A5D88CAD}.DebugGL4|x64.ActiveCfg = Debug|x64
		{BE797700-FF7F-4CBE-A37D-7BB0A5D88CAD}.DebugGL4|x64.Build.0 = Debug|x64
		{BE797700-FF7F-4CBE-A37D-7BB0A5D88CAD}.Release|Win32.ActiveCfg = Release|Win32
		{BE797700-FF7F-4CBE-A37D-7BB0A5D88CAD}.Release|Win32.Build.0 = Release|Win32
		{BE797700-FF7F-4CBE-A37D-7BB0A5D88CAD}.Release|x64.ActiveCfg = Release|x64
		{BE797700-FF7F-4CBE-A37D-7BB0A5D88CAD}.Release|x64.Build.0 = Release|x64
		{BE797700-FF7F-4CBE-A37D-7BB0A5D88CAD}.ReleaseGL4|Win32.ActiveCfg = Release|Win32
		{BE797700-FF7F-4CBE-A37D-7BB0A5D88CAD}.ReleaseGL4|Win32.Build.0 = Release|Win32
		{BE797700-FF7F-4CBE-A37D-7BB0A5D88CAD}.ReleaseGL4|x64.ActiveCfg = Release|x64
		{BE797700-FF7F-4CBE-A37D-7BB0A5D88CAD}.ReleaseGL4|x64.Build.0 = Release|x64
		{9983E720-BD11-465E-A297-C7B2D1F76B44}.Debug|Win32.ActiveCfg = Debug|Win32
		{9983E720-BD11-465E-A297-C7B2D1F76B44}.Debug|Win32.Build.0 = Debug|Win32
		{9983E720-BD11-465E-A297-C7B2D1F76B44}.Debug|x64.ActiveCfg = Debug|x64
		{9983E720-BD11-465E-A297-C7B2D1F76B44}.Debug|x64.Build.0 = Debug|x64
		{9983E720-BD11-465E-A297-C7B2D1F76B44}.DebugGL4|Win32.ActiveCfg = Debug|Win32
		{9983E720-BD11-465E-A297-C7B2D1F76B44}.DebugGL4|Win32.Build.0 = Debug|Win32
		{9983E720-BD11-465E-A297-C7B2D1F76B44}.DebugGL4|x64.ActiveCfg = Debug|x64
		{9983E720-BD11-465E-A297-C7B2D1F76B44}.DebugGL4|x64.Build.0 = Debug|x64
		{9983E720-BD11-465E-A297-C7B2D1F76B44}.Release|Win32.ActiveCfg = Release|Win32
		{9983E720-BD11-465E-A297-C7B2D1F76B44}.Release|Win32.Build.0 = Release|Win32
		{9983E720-BD11-465E-A297-C7B2D1F76B44}.Release|x64.ActiveCfg = Release|x64
		{9983E720-BD11-465E-A297-C7B2D1F76B44}.Release|x64.Build.0 = Release|x64
		{9983E720-BD11-465E-A297-C7B2D1F76B44}.ReleaseGL4|Win32.ActiveCfg = Release|Win32
		{9983E720-BD11-465E-A297-C7B2D1F76B44}.ReleaseGL4|Win32.Build.0 = Release|Win32
		{9983E720-BD11-465E-A297-C7B2D1F76B44}.ReleaseGL4|x64.ActiveCfg = Release|x64
		{9983E720-BD11-465E-A297-C7B2D1F76B44}.ReleaseGL4|x64.Build.0 = Release|x64
		{68D8A1DB-EAE5-49AB-8C8A-6BA76EFD868F}.Debug|Win32.ActiveCfg = Debug|Win32
		{68D8A1DB-EAE5-49AB-8C8A-6BA76EFD868F}.Debug|Win32.Build.0 = Debug|Win32
		{68D8A1DB-EAE5-49AB-8C8A-6BA76EFD868F}.Debug|x64.ActiveCfg = Debug|x64
		{68D8A1DB-EAE5-49AB-8C8A-6BA76EFD868F}.Debug|x64.Build.0 = Debug|x64
		{68D8A1DB-EAE5-49AB-8C8A-6BA76EFD868F}.DebugGL4|Win32.ActiveCfg = Debug|Win32
		{68D8A1DB-EAE5-49AB-8C8A-6BA76EFD868F}.DebugGL4|Win32.Build.0 = Debug|Win32
		{68D8A1DB-EAE5-49AB-8C8A-6BA76EFD868F}.DebugGL4|x64.ActiveCfg = Debug|x64
		{68D8A1DB-EAE5-49AB-8C8A-6BA76EFD868F}.DebugGL4|x64.Build.0 = Debug|x64
		{68D8A1DB-EAE5-49AB-8C8A-6BA76EFD868F}.Release|Win32.ActiveCfg = Release|Win32
		{68D8A1DB-EAE5-49AB-8C8A-6BA76EFD868F}.Release|Win32.Build.0 = Release|Win32
		{68D8A1DB-EAE5-49AB-8C8A-6BA76EFD868F}.Release|x64.ActiveCfg = Release|x64
		{68D8A1DB-EAE5-49AB-8C8A-6BA76EFD868F}.Release|x64.Build.0 = Release|x64
		{68D8A1DB-EAE5-49AB-8C8A-6BA76EFD868F}.ReleaseGL4|Win32.ActiveCfg = Release|Win32
		{68D8A1DB-EAE5-49AB-8C8A-6BA76EFD868F}.ReleaseGL4|Win32.Build.0 = Release|Win32
		{68D8A1DB-EAE5-49AB-8C8A-6BA76EFD868F}.ReleaseGL4|x64.ActiveCfg = Release|x64
		{68D8A1DB-EAE5-49AB-8C8A-6BA76EFD868F}.ReleaseGL4|x64.Build.0 = Release|x64
		{090816ED-7939-4EE8-AD14-93881D57AC23}.Debug|Win32.ActiveCfg = Debug|Win32
		{090816ED-7939-4EE8-AD14-93881D57AC23}.Debug|Win32.Build.0 = Debug|Win32
		{090816ED-7939-4EE8-AD14-93881D57AC23}.Debug|x64.ActiveCfg = Debug|x64
		{090816ED-7939-4EE8-AD14-93881D57AC23}.Debug|x64.Build.0 = Debug|x64
		{090816ED-7939-4EE8-AD14-93881D57AC23}.DebugGL4|Win32.ActiveCfg = Debug|Win32
		{090816ED-7939-4EE8-AD14-93881D57AC23}.DebugGL4|Win32.Build.0 = Debug|Win32
		{090816ED-7939-4EE8-AD14-93881D57AC23}.DebugGL4|x64.ActiveCfg = Debug|x64
		{090816ED-7939-4EE8-AD14-93881D57AC23}.DebugGL4|x64.Build.0 = Debug|x64
		{090816ED-7939-4EE8-AD14-93881D57AC23}.Release|Win32.ActiveCfg = Release|Win32
		{090816ED-7939-4EE8-AD14-93881D57AC23}.Release|Win32.Build.0 = Release|Win32
		{090816ED-7939-4EE8-AD14-93881D57AC23}.Release|x64.ActiveCfg = Release|x64
		{090816ED-7939-4EE8-AD14-93881D57AC23}.Release|x64.Build.0 = Release|x64
		{090816ED-7939-4EE8-AD14-93881D57AC23}.ReleaseGL4|Win32.ActiveCfg = Release|Win32
		{090816ED-7939-4EE8-AD14-93881D57AC23}.ReleaseGL4|Win32.Build.0 = Release|Win32
		{090816ED-7939-4EE8-AD14-93881D57AC23}.ReleaseGL4|x64.ActiveCfg = Release|x64
		{090816ED-7939-4EE8-AD14-93881D57AC23}.ReleaseGL4|x64.Build.0 = Release|x64
		{2BECD4D6-C9BB-47B5-AF09-6545086C937C}.Debug|Win32.ActiveCfg = Debug|Win32
		{2BECD4D6-C9BB-47B5-AF09-6545086C937C}.Debug|Win32.Build.0 = Debug|Win32
		{2BECD4D6-C9BB-47B5-AF09-6545086C937C}.Debug|x64.ActiveCfg = Debug|x64
		{2BECD4D6-C9BB-47B5-AF09-6545086C937C}.Debug|x64.Build.0 = Debug|x64
		{2BECD4D6-C9BB-47B5-AF09-6545086C937C}.DebugGL4|Win32.ActiveCfg = Debug|Win32
		{2BECD4D6-C9BB-47B5-AF09-6545086C937C}.DebugGL4|Win32.Build.0 = Debug|Win32
		{2BECD4D6-C9BB-47B5-AF09-6545086C937C}.DebugGL4|x64.ActiveCfg = Debug|x64
		{2BECD4D6-C9BB-47B5-AF09-6545086C937C}.DebugGL4|x64.Build.0 = Debug|x64
		{2BECD4D6-C9BB-47B5-AF09-6545086C937C}.Release|Win32.ActiveCfg = Release|Win32
		{2BECD4D6-C9BB-47B5-AF09-6545086C937C}.Release|Win32.Build.0 = Release|Win32
		{2BECD4D6-C9BB-47B5-AF09-6545086C937C}.Release|x64.ActiveCfg = Release|x64
		{2BECD4D6-C9BB-47B5-AF09-6545086C937C}.Release|x64.Build.0 = Release|x64
		{2BECD4D6-C9BB-47B5-AF09-6545086C937C}.ReleaseGL4|Win32.ActiveCfg = Release|Win32
		{2BECD4D6-C9BB-47B5-AF09-6545086C937C}.ReleaseGL4|Win32.Build.0 = Release|Win32
		{2BECD4D6-C9BB-47B5-AF09-6545086C937C}.ReleaseGL4|x64.ActiveCfg = Release|x64
		{2BECD4D6-C9BB-47B5-AF09-6545086C937C}.ReleaseGL4|x64.Build.0 = Release|x64
		{52FEE171-F383-4F72-A1EE-2E7C8CB0A777}.Debug|Win32.ActiveCfg = Debug|Win32
		{52FEE171-F383-4F72-A1EE-2E7C8CB0A777}.Debug|Win32.Build.0 = Debug|Win32
		{52FEE171-F383-4F72-A1EE-2E7C8CB0A777}.Debug|x64.ActiveCfg = Debug|x64
		{52FEE171-F383-4F72-A1EE-2E7C8CB0A777}.Debug|x64.Build.0 = Debug|x64
		{52FEE171-F383-4F72-A1EE-2E7C8CB0A777}.DebugGL4|Win32.ActiveCfg = Debug|Win32
		{52FEE171-F383-4F72-A1EE-2E7C8CB0A777}.DebugGL4|Win32.Build.0 = Debug|Win32
		{52FEE171-F383-4F72-A1EE-2E7C8CB0A777}.DebugGL4|x64.ActiveCfg = Debug|x64
		{52FEE171-F383-4F72-A1EE-2E7C8CB0A777}.DebugGL4|x64.Build.0 = Debug|x64
		{52FEE171-F383-4F72-A1EE-2E7C8CB0A777}.Release|Win32.ActiveCfg = Release|Win32
		{52FEE171-F383-4F72-A1EE-2E7C8CB0A777}.Release|Win32.Build.0 = Release|Win32
		{52FEE171-F383-4F72-A1EE-2E7C8CB0A777}.Release|x64.ActiveCfg = Release|x64
		{52FEE171-F383-4F72-A1EE-2E7C8CB0A777}.Release|x64.Build.0 = Release|x64
		{52FEE171-F383-4F72-A1EE-2E7C8CB0A777}.ReleaseGL4|Win32.ActiveCfg = Release|Win32
		{52FEE171-F383-4F72-A1EE-2E7C8CB0A777}.ReleaseGL4|Win32.Build.0 = Release|Win32
		{52FEE171-F383-4F72-A1EE-2E7C8CB0A777}.ReleaseGL4|x64.ActiveCfg = Release|x64
		{52FEE171-F383-4F72-A1EE-2E7C8CB0A777}.ReleaseGL4|x64.Build.0 = Release|x64
		{895C1E03-9FC0-4141-92FA-98DFF2BD4D0B}.Debug|Win32.ActiveCfg = Debug|Win32
		{895C1E03-9FC0-4141-92FA-98DFF2BD4D0B}.Debug|Win32.Build.0 = Debug|Win32
		{895C1E03-9FC0-4141-92FA-98DFF2BD4D0B}.Debug|x64.ActiveCfg = Debug|x64
		{895C1E03-9FC0-4141-92FA-98DFF2BD4D0B}.Debug|x64.Build.0 = Debug|x64
		{895C1E03-9FC0-4141-92FA-98DFF2BD4D0B}.DebugGL4|Win32.ActiveCfg = Debug|Win32
		{895C1E03-9FC0-4141-92FA-98DFF2BD4D0B}.DebugGL4|Win32.Build.0 = Debug|Win32
		{895C1E03-9FC0-4141-92FA-98DFF2BD4D0B}.DebugGL4|x64.ActiveCfg = Debug|x64
		{895C1E03-9FC0-4141-92FA-98DFF2BD4D0B}.DebugGL4|x64.Build.0 = Debug|x64
		{895C1E03-9FC0-4141-92FA-98DFF2BD4D0B}.Release|Win32.ActiveCfg = Release|Win32
		{895C1E03-9FC0-4141-92FA-98DFF2BD4D0B}.Release|Win32.Build.0 = Release|Win32
		{895C1E03-9FC0-4141-92FA-98DFF2BD4D0B}.Release|x64.ActiveCfg = Release|x64
		{895C1E03-9FC0-4141-92FA-98DFF2BD4D0B}.Release|x64.Build.0 = Release|x64
		{895C1E03-9FC0-4141-92FA-98DFF2BD4D0B}.ReleaseGL4|Win32.ActiveCfg = Release|Win32
		{895C1E03-9FC0-4141-92FA-98DFF2BD4D0B}.ReleaseGL4|Win32.Build.0 = Release|Win32
		{895C1E03-9FC0-4141-92FA-98DFF2BD4D0B}.ReleaseGL4|x64.ActiveCfg = Release|x64
		{895C1E03-9FC0-4141-92FA-98DFF2BD4D0B}.ReleaseGL4|x64.Build.0 = Release|x64
		{63446B95-989D-48C8-AD80-E0C47AE231FC}.Debug|Win32.ActiveCfg = Debug|Win32
		{63446B95-989D-48C8-AD80-E0C47AE231FC}.Debug|Win32.Build.0 = Debug|Win32
		{63446B95-989D-48C8-AD80-E0C47AE231FC}.Debug|x64.ActiveCfg = Debug|x64
		{63446B95-989D-48C8-AD80-E0C47AE231FC}.Debug|x64.Build.0 = Debug|x64
		{63446B95-989D-48C8-AD80-E0C47AE231FC}.DebugGL4|Win32.ActiveCfg = Debug|Win32
		{63446B95-989D-48C8-AD80-E0C47AE231FC}.DebugGL4|Win32.Build.0 = Debug|Win32
		{63446B95-989D-48C8-AD80-E0C47AE231FC}.DebugGL4|x64.ActiveCfg = Debug|x64
		{63446B95-989D-48C8-AD80-E0C47AE231FC}.DebugGL4|x64.Build.0 = Debug|x64
		{63446B95-989D-48C8-AD80-E0C47AE231FC}.Release|Win32.ActiveCfg = Release|Win32
		{63446B95-989D-48C8-AD80-E0C47AE231FC}.Release|Win32.Build.0 = Release|Win32
		{63446B95-989D-48C8-AD80-E0C47AE231FC}.Release|x64.ActiveCfg = Release|x64
		{63446B95-989D-48C8-AD80-E0C47AE231FC}.Release|x64.Build.0 = Release|x64
		{63446B95-989D-48C8-AD80-E0C47AE231FC}.ReleaseGL4|Win32.ActiveCfg = Release|Win32
		{63446B95-989D-48C8-AD80-E0C47AE231FC}.ReleaseGL4|Win32.Build.0 = Release|Win32
		{63446B95-989D-48C8-AD80-E0C47AE231FC}.ReleaseGL4|x64.ActiveCfg = Release|x64
		{63446B95-989D-48C8-AD80-E0C47AE231FC}.ReleaseGL4|x64.Build.0 = Release|x64
		{B95B4F5F-5465-42AC-A345-AFE3EA48F208}.Debug|Win32.ActiveCfg = Debug|Win32
		{B95B4F5F-5465-42AC-A345-AFE3EA48F208}.Debug|Win32.Build.0 = Debug|Win32
		{B95B4F5F-5465-42AC-A345-AFE3EA48F208}.Debug|x64.ActiveCfg = Debug|x64
		{B95B4F5F-5465-42AC-A345-AFE3EA48F208}.Debug|x64.Build.0 = Debug|x64
		{B95B4F5F-5465-42AC-A345-AFE3EA48F208}.DebugGL4|Win32.ActiveCfg = Debug|Win32
		{B95B4F5F-5465-42AC-A345-AFE3EA48F208}.DebugGL4|Win32.Build.0 = Debug|Win32
		{B95B4F5F-5465-42AC-A345-AFE3EA48F208}.DebugGL4|x64.ActiveCfg = Debug|x64
		{B95B4F5F-5465-42AC-A345-AFE3EA48F208}.DebugGL4|x64.Build.0 = Debug|x64
		{B95B4F5F-5465-42AC-A345-AFE3EA48F208}.Release|Win32.ActiveCfg = Release|Win32
		{B95B4F5F-5465-42AC-A345-AFE3EA48F208}.Release|Win32.Build.0 = Release|Win32
		{B95B4F5F-5465-42AC-A345-AFE3EA48F208}.Release|x64.ActiveCfg = Release|x64
		{B95B4F5F-5465-42AC-A345-AFE3EA48F208}.Release|x64.Build.0 = Release|x64
		{B95B4F5F-5465-42AC-A345-AFE3EA48F208}.ReleaseGL4|Win32.ActiveCfg = Release|Win32
		{B95B4F5F-5465-42AC-A345-AFE3EA48F208}.ReleaseGL4|Win32.Build.0 = Release|Win32
		{B95B4F5F-5465-42AC-A345-AFE3EA48F208}.ReleaseGL4|x64.ActiveCfg = Release|x64
		{B95B4F5F-5465-42AC-A345-AFE3EA48F208}.ReleaseGL4|x64.Build.0 = Release|x64
		{0ACF4ED7-2797-4538-8225-29ADDFC1D93F}.Debug|Win32.ActiveCfg = Debug|Win32
		{0ACF4ED7-2797-4538-8225-29ADDFC1D93F}.Debug|Win32.Build.0 = Debug|Win32
		{0ACF4ED7-2797-4538-8225-29ADDFC1D93F}.Debug|x64.ActiveCfg = Debug|x64
		{0ACF4ED7-2797-4538-8225-29ADDFC1D93F}.Debug|x64.Build.0 = Debug|x64
		{0ACF4ED7-2797-4538-8225-29ADDFC1D93F}.DebugGL4|Win32.ActiveCfg = Debug|Win32
		{0ACF4ED7-2797-4538-8225-29ADDFC1D93F}.DebugGL4|Win32.Build.0 = Debug|Win32
		{0ACF4ED7-2797-4538-8225-29ADDFC1D93F}.DebugGL4|x64.ActiveCfg = Debug|x64
		{0ACF4ED7-2797-4538-8225-29ADDFC1D93F}.DebugGL4|x64.Build.0 = Debug|x64
		{0ACF4ED7-2797-4538-8225-29ADDFC1D93F}.Release|Win32.ActiveCfg = Release|Win32
		{0ACF4ED7-2797-4538-8225-29ADDFC1D93F}.Release|Win32.Build.0 = Release|Win32
		{0ACF4ED7-2797-4538-8225-29ADDFC1D93F}.Release|x64.ActiveCfg = Release|x64
		{0ACF4ED7-2797-4538-8225-29ADDFC1D93F}.Release|x64.Build.0 = Release|x64
		{0ACF4ED7-2797-4538-8225-29ADDFC1D93F}.ReleaseGL4|Win32.ActiveCfg = Release|Win32
		{0ACF4ED7-2797-4538-8225-29ADDFC1D93F}.ReleaseGL4|Win32.Build.0 = Release|Win32
		{0ACF4ED7-2797-4538-8225-29ADDFC1D93F}.ReleaseGL4|x64.ActiveCfg = Release|x64
		{0ACF4ED7-2797-4538-8225-29ADDFC1D93F}.ReleaseGL4|x64.Build.0 = Release|x64
		{1A8D5197-7CFF-4751-9D9D-9134E9473E30}.Debug|Win32.ActiveCfg = Debug|Win32
		{1A8D5197-7CFF-4751-9D9D-9134E9473E30}.Debug|Win32.Build.0 = Debug|Win32
		{1A8D5197-7CFF-4751-9D9D-9134E9473E30}.Debug|x64.ActiveCfg = Debug|x64
		{1A8D5197-7CFF-4751-9D9D-9134E9473E30}.Debug|x64.Build.0 = Debug|x64
		{1A8D5197-7CFF-4751-9D9D-9134E9473E30}.DebugGL4|Win32.ActiveCfg = Debug|Win32
		{1A8D5197-7CFF-4751-9D9D-9134E9473E30}.DebugGL4|Win32.Build.0 = Debug|Win32
		{1A8D5197-7CFF-4751-9D9D-9134E9473E30}.DebugGL4|x64.ActiveCfg = Debug|x64
		{1A8D5197-7CFF-4751-9D9D-9134E9473E30}.DebugGL4|x64.Build.0 = Debug|x64
		{1A8D5197-7CFF-4751-9D9D-9134E9473E30}.Release|Win32.ActiveCfg = Release|Win32
		{1A8D5197-7CFF-4751-9D9D-9134E9473E30}.Release|Win32.Build.0 = Release|Win32
		{1A8D5197-7CFF-4751-9D9D-9134E9473E30}.Release|x64.ActiveCfg = Release|x64
		{1A8D5197-7CFF-4751-9D9D-9134E9473E30}.Release|x64.Build.0 = Release|x64
		{1A8D5197-7CFF-4751-9D9D-9134E9473E30}.ReleaseGL4|Win32.ActiveCfg = Release|Win32
		{1A8D5197-7CFF-4751-9D9D-9134E9473E30}.ReleaseGL4|Win32.Build.0 = Release|Win32
		{1A8D5197-7CFF-4751-9D9D-9134E9473E30}.ReleaseGL4|x64.ActiveCfg = Release|x64
		{1A8D5197-7CFF-4751-9D9D-9134E9473E30}.ReleaseGL4|x64.Build.0 = Release|x64
		{5503B808-B1CE-4CDC-9026-207CABE6D024}.Debug|Win32.ActiveCfg = Debug|Win32
		{5503B808-B1CE-4CDC-9026-207CABE6D024}.Debug|Win32.Build.0 = Debug|Win32
		{5503B808-B1CE-4CDC-9026-207CABE6D024}.Debug|x64.ActiveCfg = Debug|x64
		{5503B808-B1CE-4CDC-9026-207CABE6D024}.Debug|x64.Build.0 = Debug|x64
		{5503B808-B1CE-4CDC-9026-207CABE6D024}.DebugGL4|Win32.ActiveCfg = Debug|Win32
		{5503B808-B1CE-4CDC-9026-207CABE6D024}.DebugGL4|Win32.Build.0 = Debug|Win32
		{5503B808-B1CE-4CDC-9026-207CABE6D024}.DebugGL4|x64.ActiveCfg = Debug|x64
		{5503B808-B1CE-4CDC-9026-207CABE6D024}.DebugGL4|x64.Build.0 = Debug|x64
		{5503B808-B1CE-4CDC-9026-207CABE6D024}.Release|Win32.ActiveCfg = Release|Win32
		{5503B808-B1CE-4CDC-9026-207CABE6D024}.Release|Win32.Build.0 = Release|Win32
		{5503B808-B1CE-4CDC-9026-207CABE6D024}.Release|x64.ActiveCfg = Release|x64
		{5503B808-B1CE-4CDC-9026-207CABE6D024}.Release|x64.Build.0 = Release|x64
		{5503B808-B1CE-4CDC-9026-207CABE6D024}.ReleaseGL4|Win32.ActiveCfg = Release|Win32
		{5503B808-B1CE-4CDC-9026-207CABE6D024}.ReleaseGL4|Win32.Build.0 = Release|Win32
		{5503B808-B1CE-4CDC-9026-207CABE6D024}.ReleaseGL4|x64.ActiveCfg = Release|x64
		{5503B808-B1CE-4CDC-9026-207CABE6D024}.ReleaseGL4|x64.Build.0 = Release|x64
		{3F5F31D6-0CB2-4C2B-8F72-403661186F9D}.Debug|Win32.ActiveCfg = Debug|Win32
		{3F5F31D6-0CB2-4C2B-8F72-403661186F9D}.Debug|Win32.Build.0 = Debug|Win32
		{3F5F31D6-0CB2-4C2B-8F72-403661186F9D}.Debug|x64.ActiveCfg = Debug|x64
		{3F5F31D6-0CB2-4C2B-8F72-403661186F9D}.Debug|x64.Build.0 = Debug|x64
		{3F5F31D6-0CB2-4C2B-8F72-403661186F9D}.DebugGL4|Win32.ActiveCfg = Debug|Win32
		{3F5F31D6-0CB2-4C2B-8F72-403661186F9D}.DebugGL4|Win32.Build.0 = Debug|Win32
		{3F5F31D6-0CB2-4C2B-8F72-403661186F9D}.DebugGL4|x64.ActiveCfg = Debug|x64
		{3F5F31D6-0CB2-4C2B-8F72-403661186F9D}.DebugGL4|x64.Build.0 = Debug|x64
		{3F5F31D6-0CB2-4C2B-8F72-403661186F9D}.Release|Win32.ActiveCfg = Release|Win32
		{3F5F31D6-0CB2-4C2B-8F72-403661186F9D}.Release|Win32.Build.0 = Release|Win32
		{3F5F31D6-0CB2-4C2B-8F72-403661186F9D}.Release|x64.ActiveCfg = Release|x64
		{3F5F31D6-0CB2-4C2B-8F72-403661186F9D}.Release|x64.Build.0 = Release|x64
		{3F5F31D6-0CB2-4C2B-8F72-403661186F9D}.ReleaseGL4|Win32.ActiveCfg = Release|Win32
		{3F5F31D6-0CB2-4C2B-8F72-403661186F9D}.ReleaseGL4|Win32.Build.0 = Release|Win32
		{3F5F31D6-0CB2-4C2B-8F72-403661186F9D}.ReleaseGL4|x64.ActiveCfg = Release|x64
		{3F5F31D6-0CB2-4C2B-8F72-403661186F9D}.ReleaseGL4|x64.Build.0 = Release|x64
		{86EE4017-4FFE-4B1E-A18E-489B81075B0D}.Debug|Win32.ActiveCfg = Debug|Win32
		{86EE4017-4FFE-4B1E-A18E-489B81075B0D}.Debug|Win32.Build.0 = Debug|Win32
		{86EE4017-4FFE-4B1E-A18E-489B81075B0D}.Debug|x64.ActiveCfg = Debug|x64
		{86EE4017-4FFE-4B1E-A18E-489B81075B0D}.Debug|x64.Build.0 = Debug|x64
		{86EE4017-4FFE-4B1E-A18E-489B81075B0D}.DebugGL4|Win32.ActiveCfg = Debug|Win32
		{86EE4017-4FFE-4B1E-A18E-489B81075B0D}.DebugGL4|Win32.Build.0 = Debug|Win32
		{86EE4017-4FFE-4B1E-A18E-489B81075B0D}.DebugGL4|x64.ActiveCfg = Debug|x64
		{86EE4017-4FFE-4B1E-A18E-489B81075B0D}.DebugGL4|x64.Build.0 = Debug|x64
		{86EE4017-4FFE-4B1E-A18E-489B81075B0D}.Release|Win32.ActiveCfg = Release|Win32
		{86EE4017-4FFE-4B1E-A18E-489B81075B0D}.Release|Win32.Build.0 = Release|Win32
		{86EE4017-4FFE-4B1E-A18E-489B81075B0D}.Release|x64.ActiveCfg = Release|x64
		{86EE4017-4FFE-4B1E-A18E-489B81075B0D}.Release|x64.Build.0 = Release|x64
		{86EE4017-4FFE-4B1E-A18E-489B81075B0D}.ReleaseGL4|Win32.ActiveCfg = Release|Win32
		{86EE4017-4FFE-4B1E-A18E-489B81075B0D}.ReleaseGL4|Win32.Build.0 = Release|Win32
		{86EE4017-4FFE-4B1E-A18E-489B81075B0D}.ReleaseGL4|x64.ActiveCfg = Release|x64
		{86EE4017-4FFE-4B1E-A18E-489B81075B0D}.ReleaseGL4|x64.Build.0 = Release|x64
		{CE3DE128-17FB-46ED-A10D-EBD0A191F938}.Debug|Win32.ActiveCfg = Debug|Win32
		{CE3DE128-17FB-46ED-A10D-EBD0A191F938}.Debug|Win32.Build.0 = Debug|Win32
		{CE3DE128-17FB-46ED-A10D-EBD0A191F938}.Debug|x64.ActiveCfg = Debug|x64
		{CE3DE128-17FB-46ED-A10D-EBD0A191F938}.Debug|x64.Build.0 = Debug|x64
		{CE3DE128-17FB-46ED-A10D-EBD0A191F938}.DebugGL4|Win32.ActiveCfg = Debug|Win32
		{CE3DE128-17FB-46ED-A10D-EBD0A191F938}.DebugGL4|Win32.Build.0 = Debug|Win32
		{CE3DE128-17FB-46ED-A10D-EBD0A191F938}.DebugGL4|x64.ActiveCfg = Debug|x64
		{CE3DE128-17FB-46ED-A10D-EBD0A191F938}.DebugGL4|x64.Build.0 = Debug|x64
		{CE3DE128-17FB-46ED-A10D-EBD0A191F938}.Release|Win32.ActiveCfg = Release|Win32
		{CE3DE128-17FB-46ED-A10D-EBD0A191F938}.Release|Win32.Build.0 = Release|Win32
		{CE3DE128-17FB-46ED-A10D-EBD0A191F938}.Release|x64.ActiveCfg = Release|x64
		{CE3DE128-17FB-46ED-A10D-EBD0A191F938}.Release|x64.Build.0 = Release|x64
		{CE3DE128-17FB-46ED-A10D-EBD0A191F938}.ReleaseGL4|Win32.ActiveCfg = Release|Win32
		{CE3DE128-17FB-46ED-A10D-EBD0A191F938}.ReleaseGL4|Win32.Build.0 = Release|Win32
		{CE3DE128-17FB-46ED-A10D-EBD0A191F938}.ReleaseGL4|x64.ActiveCfg = Release|x64
		{CE3DE128-17FB-46ED-A10D-EBD0A191F938}.ReleaseGL4|x64.Build.0 = Release|x64
		{8018A4AD-3FB8-466E-99E7-BB81112749DB}.Debug|Win32.ActiveCfg = Debug|Win32
		{8018A4AD-3FB8-466E-99E7-BB81112749DB}.Debug|Win32.Build.0 = Debug|Win32
		{8018A4AD-3FB8-466E-99E7-BB81112749DB}.Debug|x64.ActiveCfg = Debug|x64
		{8018A4AD-3FB8-466E-99E7-BB81112749DB}.Debug|x64.Build.0 = Debug|x64
		{8018A4AD-3FB8-466E-99E7-BB81112749DB}.DebugGL4|Win32.ActiveCfg = Debug|Win32
		{8018A4AD-3FB8-466E-99E7-BB81112749DB}.DebugGL4|Win32.Build.0 = Debug|Win32
		{8018A4AD-3FB8-466E-99E7-BB81112749DB}.DebugGL4|x64.ActiveCfg = Debug|x64
		{8018A4AD-3FB8-466E-99E7-BB81112749DB}.DebugGL4|x64.Build.0 = Debug|x64
		{8018A4AD-3FB8-466E-99E7-BB81112749DB}.Release|Win32.ActiveCfg = Release|Win32
		{8018A4AD-3FB8-466E-99E7-BB81112749DB}.Release|Win32.Build.0 = Release|Win32
		{8018A4AD-3FB8-466E-99E7-BB81112749DB}.Release|x64.ActiveCfg = Release|x64
		{8018A4AD-3FB8-466E-99E7-BB81112749DB}.Release|x64.Build.0 = Release|x64
		{8018A4AD-3FB8-466E-99E7-BB81112749DB}.ReleaseGL4|Win32.ActiveCfg = Release|Win32
		{8018A4AD-3FB8-466E-99E7-BB81112749DB}.ReleaseGL4|Win32.Build.0 = Release|Win32
		{8018A4AD-3FB8-466E-99E7-BB81112749DB}.ReleaseGL4|x64.ActiveCfg = Release|x64
		{8018A4AD-3FB8-466E-99E7-BB81112749DB}.ReleaseGL4|x64.Build.0 = Release|x64
		{7DEAD6B2-9DC0-4279-8C7E-514D8E51DFE4}.Debug|Win32.ActiveCfg = Debug|Win32
		{7DEAD6B2-9DC0-4279-8C7E-514D8E51DFE4}.Debug|Win32.Build.0 = Debug|Win32
		{7DEAD6B2-9DC0-4279-8C7E-514D8E51DFE4}.Debug|x64.ActiveCfg = Debug|x64
		{7DEAD6B2-9DC0-4279-8C7E-514D8E51DFE4}.Debug|x64.Build.0 = Debug|x64
		{7DEAD6B2-9DC0-4279-8C7E-514D8E51DFE4}.DebugGL4|Win32.ActiveCfg = DebugGL4|Win32
		{7DEAD6B2-9DC0-4279-8C7E-514D8E51DFE4}.DebugGL4|Win32.Build.0 = DebugGL4|Win32
		{7DEAD6B2-9DC0-4279-8C7E-514D8E51DFE4}.DebugGL4|x64.ActiveCfg = DebugGL4|x64
		{7DEAD6B2-9DC0-4279-8C7E-514D8E51DFE4}.DebugGL4|x64.Build.0 = DebugGL4|x64
		{7DEAD6B2-9DC0-4279-8C7E-514D8E51DFE4}.Release|Win32.ActiveCfg = Release|Win32
		{7DEAD6B2-9DC0-4279-8C7E-514D8E51DFE4}.Release|Win32.Build.0 = Release|Win32
		{7DEAD6B2-9DC0-4279-8C7E-514D8E51DFE4}.Release|x64.ActiveCfg = Release|x64
		{7DEAD6B2-9DC0-4279-8C7E-514D8E51DFE4}.Release|x64.Build.0 = Release|x64
		{7DEAD6B2-9DC0-4279-8C7E-514D8E51DFE4}.ReleaseGL4|Win32.ActiveCfg = ReleaseGL4|Win32
		{7DEAD6B2-9DC0-4279-8C7E-514D8E51DFE4}.ReleaseGL4|Win32.Build.0 = ReleaseGL4|Win32
		{7DEAD6B2-9DC0-4279-8C7E-514D8E51DFE4}.ReleaseGL4|x64.ActiveCfg = ReleaseGL4|x64
		{7DEAD6B2-9DC0-4279-8C7E-514D8E51DFE4}.ReleaseGL4|x64.Build.0 = ReleaseGL4|x64
		{74E61B6D-8481-4F8D-BAD9-FAF3794BF2B6}.Debug|Win32.ActiveCfg = Debug|Win32
		{74E61B6D-8481-4F8D-BAD9-FAF3794BF2B6}.Debug|Win32.Build.0 = Debug|Win32
		{74E61B6D-8481-4F8D-BAD9-FAF3794BF2B6}.Debug|x64.ActiveCfg = Debug|x64
		{74E61B6D-8481-4F8D-BAD9-FAF3794BF2B6}.Debug|x64.Build.0 = Debug|x64
		{74E61B6D-8481-4F8D-BAD9-FAF3794BF2B6}.DebugGL4|Win32.ActiveCfg = Debug|Win32
		{74E61B6D-8481-4F8D-BAD9-FAF3794BF2B6}.DebugGL4|Win32.Build.0 = Debug|Win32
		{74E61B6D-8481-4F8D-BAD9-FAF3794BF2B6}.DebugGL4|x64.ActiveCfg = Debug|x64
		{74E61B6D-8481-4F8D-BAD9-FAF3794BF2B6}.DebugGL4|x64.Build.0 = Debug|x64
		{74E61B6D-8481-4F8D-BAD9-FAF3794BF2B6}.Release|Win32.ActiveCfg = Release|Win32
		{74E61B6D-8481-4F8D-BAD9-FAF3794BF2B6}.Release|Win32.Build.0 = Release|Win32
		{74E61B6D-8481-4F8D-BAD9-FAF3794BF2B6}.Release|x64.ActiveCfg = Release|x64
		{74E61B6D-8481-4F8D-BAD9-FAF3794BF2B6}.Release|x64.Build.0 = Release|x64
		{74E61B6D-8481-4F8D-BAD9-FAF3794BF2B6}.ReleaseGL4|Win32.ActiveCfg = Release|Win32
		{74E61B6D-8481-4F8D-BAD9-FAF3794BF2B6}.ReleaseGL4|Win32.Build.0 = Release|Win32
		{74E61B6D-8481-4F8D-BAD9-FAF3794BF2B6}.ReleaseGL4|x64.ActiveCfg = Release|x64
		{74E61B6D-8481-4F8D-BAD9-FAF3794BF2B6}.ReleaseGL4|x64.Build.0 = Release|x64
		{150E8E31-EC98-4DD8-A206-3736F2DABB9F}.Debug|Win32.ActiveCfg = Debug|Win32
		{150E8E31-EC98-4DD8-A206-3736F2DABB9F}.Debug|Win32.Build.0 = Debug|Win32
		{150E8E31-EC98-4DD8-A206-3736F2DABB9F}.Debug|x64.ActiveCfg = Debug|x64
		{150E8E31-EC98-4DD8-A206-3736F2DABB9F}.Debug|x64.Build.0 = Debug|x64
		{150E8E31-EC98-4DD8-A206-3736F2DABB9F}.DebugGL4|Win32.ActiveCfg = Debug|Win32
		{150E8E31-EC98-4DD8-A206-3736F2DABB9F}.DebugGL4|Win32.Build.0 = Debug|Win32
		{150E8E31-EC98-4DD8-A206-3736F2DABB9F}.DebugGL4|x64.ActiveCfg = Debug|x64
		{150E8E31-EC98-4DD8-A206-3736F2DABB9F}.DebugGL4|x64.Build.0 = Debug|x64
		{150E8E31-EC98-4DD8-A206-3736F2DABB9F}.Release|Win32.ActiveCfg = Release|Win32
		{150E8E31-EC98-4DD8-A206-3736F2DABB9F}.Release|Win32.Build.0 = Release|Win32
		{150E8E31-EC98-4DD8-A206-3736F2DABB9F}.Release|x64.ActiveCfg = Release|x64
		{150E8E31-EC98-4DD8-A206-3736F2DABB9F}.Release|x64.Build.0 = Release|x64
		{150E8E31-EC98-4DD8-A206-3736F2DABB9F}.ReleaseGL4|Win32.ActiveCfg = Release|Win32
		{150E8E31-EC98-4DD8-A206-3736F2DABB9F}.ReleaseGL4|Win32.Build.0 = Release|Win32
		{150E8E31-EC98-4DD8-A206-3736F2DABB9F}.ReleaseGL4|x64.ActiveCfg = Release|x64
		{150E8E31-EC98-4DD8-A206-3736F2DABB9F}.ReleaseGL4|x64.Build.0 = Release|x64
		{BFA5FA78-160B-402F-A0F9-97EF8100AF1C}.Debug|Win32.ActiveCfg = Debug|Win32
		{BFA5FA78-160B-402F-A0F9-97EF8100AF1C}.Debug|Win32.Build.0 = Debug|Win32
		{BFA5FA78-160B-402F-A0F9-97EF8100AF1C}.Debug|x64.ActiveCfg = Debug|x64
		{BFA5FA78-160B-402F-A0F9-97EF8100AF1C}.Debug|x64.Build.0 = Debug|x64
		{BFA5FA78-160B-402F-A0F9-97EF8100AF1C}.DebugGL4|Win32.ActiveCfg = Debug|Win32
		{BFA5FA78-160B-402F-A0F9-97EF8100AF1C}.DebugGL4|Win32.Build.0 = Debug|Win32
		{BFA5FA78-160B-402F-A0F9-97EF8100AF1C}.DebugGL4|x64.ActiveCfg = Debug|x64
		{BFA5FA78-160B-402F-A0F9-97EF8100AF1C}.DebugGL4|x64.Build.0 = Debug|x64
		{BFA5FA78-160B-402F-A0F9-97EF8100AF1C}.Release|Win32.ActiveCfg = Release|Win32
		{BFA5FA78-160B-402F-A0F9-97EF8100AF1C}.Release|Win32.Build.0 = Release|Win32
		{BFA5FA78-160B-402F-A0F9-97EF8100AF1C}.Release|x64.ActiveCfg = Release|x64
		{BFA5FA78-160B-402F-A0F9-97EF8100AF1C}.Release|x64.Build.0 = Release|x64
		{BFA5FA78-160B-402F-A0F9-97EF8100AF1C}.ReleaseGL4|Win32.ActiveCfg = Release|Win32
		{BFA5FA78-160B-402F-A0F9-97EF8100AF1C}.ReleaseGL4|Win32.Build.0 = Release|Win32
		{BFA5FA78-160B-402F-A0F9-97EF8100AF1C}.ReleaseGL4|x64.ActiveCfg = Release|x64
		{BFA5FA78-160B-402F-A0F9-97EF8100AF1C}.ReleaseGL4|x64.Build.0 = Release|x64
		{118F62C3-BD75-4847-AA4A-57DCB1B1602D}.Debug|Win32.ActiveCfg = Debug|Win32
		{118F62C3-BD75-4847-AA4A-57DCB1B1602D}.Debug|Win32.Build.0 = Debug|Win32
		{118F62C3-BD75-4847-AA4A-57DCB1B1602D}.Debug|x64.ActiveCfg = Debug|x64
		{118F62C3-BD75-4847-AA4A-57DCB1B1602D}.Debug|x64.Build.0 = Debug|x64
		{118F62C3-BD75-4847-AA4A-57DCB1B1602D}.DebugGL4|Win32.ActiveCfg = Debug|Win32
		{118F62C3-BD75-4847-AA4A-57DCB1B1602D}.DebugGL4|Win32.Build.0 = Debug|Win32
		{118F62C3-BD75-4847-AA4A-57DCB1B1602D}.DebugGL4|x64.ActiveCfg = Debug|x64
		{118F62C3-BD75-4847-AA4A-57DCB1B1602D}.DebugGL4|x64.Build.0 = Debug|x64
		{118F62C3-BD75-4847-AA4A-57DCB1B1602D}.Release|Win32.ActiveCfg = Release|Win32
		{118F62C3-BD75-4847-AA4A-57DCB1B1602D}.Release|Win32.Build.0 = Release|Win32
		{118F62C3-BD75-4847-AA4A-57DCB1B1602D}.Release|x64.ActiveCfg = Release|x64
		{118F62C3-BD75-4847-AA4A-57DCB1B1602D}.Release|x64.Build.0 = Release|x64
		{118F62C3-BD75-4847-AA4A-57DCB1B1602D}.ReleaseGL4|Win32.ActiveCfg = Release|Win32
		{118F62C3-BD75-4847-AA4A-57DCB1B1602D}.ReleaseGL4|Win32.Build.0 = Release|Win32
		{118F62C3-BD75-4847-AA4A-57DCB1B1602D}.ReleaseGL4|x64.ActiveCfg = Release|x64
		{118F62C3-BD75-4847-AA4A-57DCB1B1602D}.ReleaseGL4|x64.Build.0 = Release|x64
	EndGlobalSection
	GlobalSection(SolutionProperties) = preSolution
		HideSolutionNode = FALSE
	EndGlobalSection
	GlobalSection(NestedProjects) = preSolution
		{F0E09422-B645-4506-A9D2-5B863BAA9A2E} = {2B0647AD-A754-4465-8D18-C7A964811ADE}
		{E64EFC40-7CDA-438F-82E8-275155099E4E} = {2B0647AD-A754-4465-8D18-C7A964811ADE}
		{8606F5CF-1BF6-4251-A857-0A041780C8E3} = {2B0647AD-A754-4465-8D18-C7A964811ADE}
		{E716B25E-6604-44D0-B7BA-FCCB8D885777} = {2B0647AD-A754-4465-8D18-C7A964811ADE}
		{45ACB254-41C2-4248-A55C-A7779A3A7DDB} = {2B0647AD-A754-4465-8D18-C7A964811ADE}
		{E92ABDF2-9755-42D4-A4B3-4EE40E1718D9} = {2B0647AD-A754-4465-8D18-C7A964811ADE}
		{702CEC70-EE3E-43A0-8D93-48B58FA50D3C} = {A6BE90E3-0254-4900-88AE-F62958AB3A2A}
		{85F85DD5-B18E-4D16-A591-D2F017A1F34F} = {F0E09422-B645-4506-A9D2-5B863BAA9A2E}
		{2874B9A3-6D50-44AF-B88D-58980C8CCF63} = {F0E09422-B645-4506-A9D2-5B863BAA9A2E}
		{2DAF88EB-6D19-4393-88DC-DE598D843FC1} = {F0E09422-B645-4506-A9D2-5B863BAA9A2E}
		{C9E51AA9-ED9C-4D9D-882E-870E0DFC0466} = {F0E09422-B645-4506-A9D2-5B863BAA9A2E}
		{A37EEEBB-914F-4B89-872B-D581FA0EF7A1} = {F0E09422-B645-4506-A9D2-5B863BAA9A2E}
		{38A56F7B-BBDF-49C9-B84E-4CC01F36F314} = {E64EFC40-7CDA-438F-82E8-275155099E4E}
		{399DB2C4-6741-4796-ACB2-729C23E0C24D} = {E64EFC40-7CDA-438F-82E8-275155099E4E}
		{B2BB6EEC-CEB0-44CC-A146-065C7AC44978} = {E64EFC40-7CDA-438F-82E8-275155099E4E}
		{24036098-E6CF-44D0-B7AC-06859C5CAC4B} = {E64EFC40-7CDA-438F-82E8-275155099E4E}
		{7165016D-FE06-434F-8999-8676617E3A3F} = {E64EFC40-7CDA-438F-82E8-275155099E4E}
		{87C763D0-8F8E-4F6D-AEBA-4E2AF6C47741} = {E64EFC40-7CDA-438F-82E8-275155099E4E}
		{F11D6DDA-E258-4D83-A6EA-948DA786641B} = {E64EFC40-7CDA-438F-82E8-275155099E4E}
		{7C203B44-8ACD-4C6A-8E13-9DF59BED73B6} = {E64EFC40-7CDA-438F-82E8-275155099E4E}
		{9CFEDB64-71EC-44F0-9521-41A7F7ABFAE9} = {E64EFC40-7CDA-438F-82E8-275155099E4E}
		{024497C6-6335-4B53-9CDB-BF472E40C636} = {E64EFC40-7CDA-438F-82E8-275155099E4E}
		{2CF2A877-65C1-4665-B34A-68BB1CEFABF6} = {E64EFC40-7CDA-438F-82E8-275155099E4E}
		{E90E2D40-E445-474B-A670-B8763666E780} = {E64EFC40-7CDA-438F-82E8-275155099E4E}
		{5FFAC134-DA47-4305-9BC7-795E48B682F9} = {E64EFC40-7CDA-438F-82E8-275155099E4E}
		{9DA82294-E625-417A-BE90-3F3098CAB117} = {E64EFC40-7CDA-438F-82E8-275155099E4E}
		{5D8657A2-700E-4263-B18D-0282F4762526} = {E64EFC40-7CDA-438F-82E8-275155099E4E}
		{F85AB09D-B9EF-4CD3-BA6F-62A592E1A939} = {8606F5CF-1BF6-4251-A857-0A041780C8E3}
		{4810E9AE-A188-435F-9170-56872ED187A4} = {8606F5CF-1BF6-4251-A857-0A041780C8E3}
		{0CD2507F-1B5A-4258-B341-314DD2601400} = {8606F5CF-1BF6-4251-A857-0A041780C8E3}
		{F9ED6B8C-1153-4EC7-92BC-5E4F696580EE} = {8606F5CF-1BF6-4251-A857-0A041780C8E3}
		{A012AB52-6E7E-4F41-A96D-4DA1BD0CE2E8} = {8606F5CF-1BF6-4251-A857-0A041780C8E3}
		{ABD0A2AA-E69B-406E-ACC4-3C83ADD0E119} = {8606F5CF-1BF6-4251-A857-0A041780C8E3}
		{1DE0B549-BF0F-4AE8-AE1B-E62607CE6106} = {E716B25E-6604-44D0-B7BA-FCCB8D885777}
		{9AFBC772-AA08-498E-9017-6B7D803B609B} = {E716B25E-6604-44D0-B7BA-FCCB8D885777}
		{DF49B45A-F195-49A4-88B1-DB40A957A345} = {E716B25E-6604-44D0-B7BA-FCCB8D885777}
		{72DC98F5-C7B4-4496-B58A-893C364712AD} = {45ACB254-41C2-4248-A55C-A7779A3A7DDB}
		{5F08D66E-C81F-44AE-A99E-A8B80AAF08EB} = {45ACB254-41C2-4248-A55C-A7779A3A7DDB}
		{EECE8B05-C494-45B9-80F4-724DD00FE521} = {45ACB254-41C2-4248-A55C-A7779A3A7DDB}
		{A86791A9-B377-46DD-A683-21AD1C0DED01} = {45ACB254-41C2-4248-A55C-A7779A3A7DDB}
		{5B7710D5-AD21-4860-99DF-1D192B2054BD} = {45ACB254-41C2-4248-A55C-A7779A3A7DDB}
		{9F26FBBB-F803-41DB-8E96-9064F2F7BA12} = {45ACB254-41C2-4248-A55C-A7779A3A7DDB}
		{EFDA25F0-22DF-4D86-95F1-88621A5A8899} = {45ACB254-41C2-4248-A55C-A7779A3A7DDB}
		{52275A7E-32E7-4665-9BE4-44542263B4DA} = {45ACB254-41C2-4248-A55C-A7779A3A7DDB}
		{7B3F248B-E56C-441B-AF0D-EBF9C3356E9F} = {E92ABDF2-9755-42D4-A4B3-4EE40E1718D9}
		{1C6EB0CB-E1D3-4007-A315-E533D6E8E57C} = {E92ABDF2-9755-42D4-A4B3-4EE40E1718D9}
		{EF8DAC79-E615-4FAA-9C18-0F2ACEAD9E7C} = {E92ABDF2-9755-42D4-A4B3-4EE40E1718D9}
		{20BE29C7-731D-4816-872B-B4F4BEAB8786} = {E92ABDF2-9755-42D4-A4B3-4EE40E1718D9}
		{BE797700-FF7F-4CBE-A37D-7BB0A5D88CAD} = {E92ABDF2-9755-42D4-A4B3-4EE40E1718D9}
		{9983E720-BD11-465E-A297-C7B2D1F76B44} = {965FD44D-A0A1-410A-BF78-6DF03722020C}
		{68D8A1DB-EAE5-49AB-8C8A-6BA76EFD868F} = {965FD44D-A0A1-410A-BF78-6DF03722020C}
		{090816ED-7939-4EE8-AD14-93881D57AC23} = {965FD44D-A0A1-410A-BF78-6DF03722020C}
		{2BECD4D6-C9BB-47B5-AF09-6545086C937C} = {965FD44D-A0A1-410A-BF78-6DF03722020C}
		{52FEE171-F383-4F72-A1EE-2E7C8CB0A777} = {8606F5CF-1BF6-4251-A857-0A041780C8E3}
		{895C1E03-9FC0-4141-92FA-98DFF2BD4D0B} = {8606F5CF-1BF6-4251-A857-0A041780C8E3}
		{63446B95-989D-48C8-AD80-E0C47AE231FC} = {8606F5CF-1BF6-4251-A857-0A041780C8E3}
		{B95B4F5F-5465-42AC-A345-AFE3EA48F208} = {8606F5CF-1BF6-4251-A857-0A041780C8E3}
		{0ACF4ED7-2797-4538-8225-29ADDFC1D93F} = {8606F5CF-1BF6-4251-A857-0A041780C8E3}
		{1A8D5197-7CFF-4751-9D9D-9134E9473E30} = {8606F5CF-1BF6-4251-A857-0A041780C8E3}
		{5503B808-B1CE-4CDC-9026-207CABE6D024} = {8606F5CF-1BF6-4251-A857-0A041780C8E3}
		{3F5F31D6-0CB2-4C2B-8F72-403661186F9D} = {8606F5CF-1BF6-4251-A857-0A041780C8E3}
		{86EE4017-4FFE-4B1E-A18E-489B81075B0D} = {8606F5CF-1BF6-4251-A857-0A041780C8E3}
		{CE3DE128-17FB-46ED-A10D-EBD0A191F938} = {8606F5CF-1BF6-4251-A857-0A041780C8E3}
		{8018A4AD-3FB8-466E-99E7-BB81112749DB} = {8606F5CF-1BF6-4251-A857-0A041780C8E3}
		{7DEAD6B2-9DC0-4279-8C7E-514D8E51DFE4} = {8606F5CF-1BF6-4251-A857-0A041780C8E3}
		{74E61B6D-8481-4F8D-BAD9-FAF3794BF2B6} = {E716B25E-6604-44D0-B7BA-FCCB8D885777}
		{150E8E31-EC98-4DD8-A206-3736F2DABB9F} = {E716B25E-6604-44D0-B7BA-FCCB8D885777}
		{BFA5FA78-160B-402F-A0F9-97EF8100AF1C} = {8606F5CF-1BF6-4251-A857-0A041780C8E3}
		{118F62C3-BD75-4847-AA4A-57DCB1B1602D} = {8606F5CF-1BF6-4251-A857-0A041780C8E3}
	EndGlobalSection
EndGlobal
